// !$*UTF8*$!
{
	archiveVersion = 1;
	classes = {
	};
	objectVersion = 46;
	objects = {

/* Begin PBXBuildFile section */
		175B47DD894C315A14BDFD69 /* Bolts.framework */ = {isa = PBXBuildFile; fileRef = 1AC54565B06C8E86F7715011 /* Bolts.framework */; };
		1A82F5FB169AC92500C4B13A /* libsqlite3.dylib */ = {isa = PBXBuildFile; fileRef = 1A82F5FA169AC92500C4B13A /* libsqlite3.dylib */; };
		1AD7E0A818C9DB93004817A6 /* main.js */ = {isa = PBXBuildFile; fileRef = 1A6BF21418C9DB5900FB0E1C /* main.js */; };
		1AE159EC18C9DF3600FCA372 /* project.json */ = {isa = PBXBuildFile; fileRef = 1A1A081B18C9DF05005C6854 /* project.json */; };
		1BE34C86B182A0035D953A80 /* CoreData.framework */ = {isa = PBXBuildFile; fileRef = 70F64ADC9920B0B06AA68CA7 /* CoreData.framework */; };
		1E4C4014B8DEF103D0D8C61C /* TwitterKit.framework */ = {isa = PBXBuildFile; fileRef = 7A4347218BE7BF9F1CD8C06A /* TwitterKit.framework */; };
		232D4DC2AFE701B32146180A /* Social.framework */ = {isa = PBXBuildFile; fileRef = F74E4A5CA395A4BF122635F0 /* Social.framework */; };
		28614A5582EFCDE41E6DCD96 /* libjscocos2d iOS.a */ = {isa = PBXBuildFile; fileRef = 25314D7F96A5964397743D54 /* libjscocos2d iOS.a */; };
		3DC8480BB2216941DBB95C54 /* PluginShareJS.cpp */ = {isa = PBXBuildFile; fileRef = 3C604BF5A2B40117F2426935 /* PluginShareJS.cpp */; };
		3EE74E90873DD0A6A585050E /* PluginFacebookJSHelper.cpp */ = {isa = PBXBuildFile; fileRef = A34749FDB2733EA421D3B8E6 /* PluginFacebookJSHelper.cpp */; };
		498B452C9E98B6E14A9B86D2 /* script */ = {isa = PBXBuildFile; fileRef = 671A491884E0C7533ED0085C /* script */; };
		5091731A17ECDF7A00D62437 /* Icon-29.png */ = {isa = PBXBuildFile; fileRef = 5091731417ECDF7A00D62437 /* Icon-29.png */; };
		5091731B17ECDF7A00D62437 /* Icon-40.png */ = {isa = PBXBuildFile; fileRef = 5091731517ECDF7A00D62437 /* Icon-40.png */; };
		5091731C17ECDF7A00D62437 /* Icon-50.png */ = {isa = PBXBuildFile; fileRef = 5091731617ECDF7A00D62437 /* Icon-50.png */; };
		5091731D17ECDF7A00D62437 /* Icon-58.png */ = {isa = PBXBuildFile; fileRef = 5091731717ECDF7A00D62437 /* Icon-58.png */; };
		5091731E17ECDF7A00D62437 /* Icon-80.png */ = {isa = PBXBuildFile; fileRef = 5091731817ECDF7A00D62437 /* Icon-80.png */; };
		5091731F17ECDF7A00D62437 /* Icon-100.png */ = {isa = PBXBuildFile; fileRef = 5091731917ECDF7A00D62437 /* Icon-100.png */; };
		509D4ABC17EBB2AB00697056 /* AppController.mm */ = {isa = PBXBuildFile; fileRef = 509D4AAC17EBB2AB00697056 /* AppController.mm */; };
		509D4ABD17EBB2AB00697056 /* Default-568h@2x.png */ = {isa = PBXBuildFile; fileRef = 509D4AAD17EBB2AB00697056 /* Default-568h@2x.png */; };
		509D4ABE17EBB2AB00697056 /* Default.png */ = {isa = PBXBuildFile; fileRef = 509D4AAE17EBB2AB00697056 /* Default.png */; };
		509D4ABF17EBB2AB00697056 /* Default@2x.png */ = {isa = PBXBuildFile; fileRef = 509D4AAF17EBB2AB00697056 /* Default@2x.png */; };
		509D4AC017EBB2AB00697056 /* Icon-57.png */ = {isa = PBXBuildFile; fileRef = 509D4AB017EBB2AB00697056 /* Icon-57.png */; };
		509D4AC117EBB2AB00697056 /* Icon-72.png */ = {isa = PBXBuildFile; fileRef = 509D4AB117EBB2AB00697056 /* Icon-72.png */; };
		509D4AC217EBB2AB00697056 /* Icon-76.png */ = {isa = PBXBuildFile; fileRef = 509D4AB217EBB2AB00697056 /* Icon-76.png */; };
		509D4AC317EBB2AB00697056 /* Icon-114.png */ = {isa = PBXBuildFile; fileRef = 509D4AB317EBB2AB00697056 /* Icon-114.png */; };
		509D4AC417EBB2AB00697056 /* Icon-120.png */ = {isa = PBXBuildFile; fileRef = 509D4AB417EBB2AB00697056 /* Icon-120.png */; };
		509D4AC517EBB2AB00697056 /* Icon-144.png */ = {isa = PBXBuildFile; fileRef = 509D4AB517EBB2AB00697056 /* Icon-144.png */; };
		509D4AC617EBB2AB00697056 /* Icon-152.png */ = {isa = PBXBuildFile; fileRef = 509D4AB617EBB2AB00697056 /* Icon-152.png */; };
		509D4AC817EBB2AB00697056 /* main.m */ = {isa = PBXBuildFile; fileRef = 509D4AB817EBB2AB00697056 /* main.m */; };
		509D4AC917EBB2AB00697056 /* RootViewController.mm */ = {isa = PBXBuildFile; fileRef = 509D4ABB17EBB2AB00697056 /* RootViewController.mm */; };
		533645FA82DEE8344F1F7E27 /* TwitterCore.framework */ = {isa = PBXBuildFile; fileRef = 2F82467591442B518C32F1A5 /* TwitterCore.framework */; };
		535149FB9126ACA9DCF3885F /* AdSupport.framework */ = {isa = PBXBuildFile; fileRef = A9B84F319C3083F5AE091CCF /* AdSupport.framework */; };
		6AA34FCAA8E08556B7EF5B8D /* sdkbox.framework */ = {isa = PBXBuildFile; fileRef = 5EF0488F9B10F25B150F02FC /* sdkbox.framework */; };
		6E144EF4830450EE49A515AF /* libcocos2d iOS.a */ = {isa = PBXBuildFile; fileRef = 526041819F61614826BB19BD /* libcocos2d iOS.a */; };
		70E642C491F40546EA371797 /* SafariServices.framework */ = {isa = PBXBuildFile; fileRef = 5DA246C8827031C9D7135001 /* SafariServices.framework */; };
		72EE454EBDFA2BC39A62F9A7 /* PluginFacebookJS.cpp */ = {isa = PBXBuildFile; fileRef = 319047C4A22CACBC2EB40F87 /* PluginFacebookJS.cpp */; };
		8154492DB728F9A5D20877BC /* FBSDKCoreKit.framework */ = {isa = PBXBuildFile; fileRef = BB5C460185D98DD5C8513E1B /* FBSDKCoreKit.framework */; };
		8C974E928E4A08755DD42460 /* SDKBoxJSHelper.cpp */ = {isa = PBXBuildFile; fileRef = A61741838861F8721B1E4DD3 /* SDKBoxJSHelper.cpp */; };
		8F814524944BB6AFE08B5067 /* GameController.framework */ = {isa = PBXBuildFile; fileRef = 25C04CFBA1974B5A9A4069AE /* GameController.framework */; };
		974A4813B49E6327ADA178FB /* Localizable.strings */ = {isa = PBXBuildFile; fileRef = 1C08432C89DBC6B454FE4002 /* Localizable.strings */; };
		9A3343031CE07041008319E4 /* MessageUI.framework */ = {isa = PBXBuildFile; fileRef = 9A3343021CE07041008319E4 /* MessageUI.framework */; };
		9F20C9E61A5BD38A006FB50B /* Security.framework */ = {isa = PBXBuildFile; fileRef = 9F20C9E11A5BBE85006FB50B /* Security.framework */; };
		9FFEB9AC1A6AB7F70095C43A /* RuntimeJsImpl.cpp */ = {isa = PBXBuildFile; fileRef = 9FFEB9A31A6AB7F70095C43A /* RuntimeJsImpl.cpp */; };
		9FFEB9C21A6B86360095C43A /* SimpleConfigParser.cpp */ = {isa = PBXBuildFile; fileRef = 9FFEB9C01A6B86360095C43A /* SimpleConfigParser.cpp */; };
		A66545F3B6561847A1D57FF7 /*  */ = {isa = PBXBuildFile; fileRef = BA94461B8C46F42F2881FCEF /*  */; };
		A92275421517C094001B78AA /* QuartzCore.framework */ = {isa = PBXBuildFile; fileRef = A92275411517C094001B78AA /* QuartzCore.framework */; };
		A92275441517C094001B78AA /* OpenGLES.framework */ = {isa = PBXBuildFile; fileRef = A92275431517C094001B78AA /* OpenGLES.framework */; };
		A92275461517C094001B78AA /* OpenAL.framework */ = {isa = PBXBuildFile; fileRef = A92275451517C094001B78AA /* OpenAL.framework */; };
		A92275481517C094001B78AA /* AudioToolbox.framework */ = {isa = PBXBuildFile; fileRef = A92275471517C094001B78AA /* AudioToolbox.framework */; };
		A922754A1517C094001B78AA /* AVFoundation.framework */ = {isa = PBXBuildFile; fileRef = A92275491517C094001B78AA /* AVFoundation.framework */; };
		A922754C1517C094001B78AA /* UIKit.framework */ = {isa = PBXBuildFile; fileRef = A922754B1517C094001B78AA /* UIKit.framework */; };
		A922754E1517C094001B78AA /* Foundation.framework */ = {isa = PBXBuildFile; fileRef = A922754D1517C094001B78AA /* Foundation.framework */; };
		A92275501517C094001B78AA /* CoreGraphics.framework */ = {isa = PBXBuildFile; fileRef = A922754F1517C094001B78AA /* CoreGraphics.framework */; };
		ADA4461682F4B8DA681731C5 /* libsimulator iOS.a */ = {isa = PBXBuildFile; fileRef = DB4942DC89CF5E304809354C /* libsimulator iOS.a */; };
		AE0B4CDE92B6BEECDDAEEAAE /* PluginFacebook.framework */ = {isa = PBXBuildFile; fileRef = 671C438C8A21752F83482A8B /* PluginFacebook.framework */; };
		BA4E718719EB6E7900932425 /* MediaPlayer.framework */ = {isa = PBXBuildFile; fileRef = BA4E718619EB6E7900932425 /* MediaPlayer.framework */; };
		C03780EB18BEE0E400FE4F13 /* src */ = {isa = PBXBuildFile; fileRef = C03780EA18BEE0E400FE4F13 /* src */; };
		C05D1C171923467600B808A4 /* config.json */ = {isa = PBXBuildFile; fileRef = C05D1C161923467600B808A4 /* config.json */; };
		C0799CB918BAE62000E9C828 /* res */ = {isa = PBXBuildFile; fileRef = C0799CB518BAE62000E9C828 /* res */; };
		C47146969FC6285D99429209 /* Accounts.framework */ = {isa = PBXBuildFile; fileRef = AEF946F9A4BE596C8F025BBE /* Accounts.framework */; };
		D454520C156E22BD00887EB5 /* libz.dylib */ = {isa = PBXBuildFile; fileRef = D454520B156E22BD00887EB5 /* libz.dylib */; };
		D4545227156E28EF00887EB5 /* AppDelegate.cpp */ = {isa = PBXBuildFile; fileRef = D4545215156E28EF00887EB5 /* AppDelegate.cpp */; };
		D6184EB2AEE90D910F02D3C4 /* SystemConfiguration.framework */ = {isa = PBXBuildFile; fileRef = 85754D9E8746277033495641 /* SystemConfiguration.framework */; };
		D6B061241803AB9F0077942B /* CoreMotion.framework */ = {isa = PBXBuildFile; fileRef = D6B061231803AB9F0077942B /* CoreMotion.framework */; };
		D8F74ED0B87FE9C165AA1DC8 /* FBSDKLoginKit.framework */ = {isa = PBXBuildFile; fileRef = EDE44F01A371180E41193ACA /* FBSDKLoginKit.framework */; };
		DC3443119768EC3D580632AB /* CoreMedia.framework */ = {isa = PBXBuildFile; fileRef = B5CC4A8CBFFB799D962EF93A /* CoreMedia.framework */; };
		E5DF4754BED42BFA36CBA06C /* CoreText.framework */ = {isa = PBXBuildFile; fileRef = 6E044E23A611CA70F903FEAE /* CoreText.framework */; };
		ED545A901B68A25E00C3958E /* libiconv.dylib */ = {isa = PBXBuildFile; fileRef = ED545A8F1B68A25E00C3958E /* libiconv.dylib */; };
		F5B74E839E654040ACF97E41 /* PluginShare.framework */ = {isa = PBXBuildFile; fileRef = 821D4713899702FD6FAA0C2C /* PluginShare.framework */; };
		F5ED4670B30B39DBAC16A60B /* TwitterKit.framework/Resources/TwitterKitResources.bundle/ */ = {isa = PBXBuildFile; fileRef = C98F40E1894158B3DDB0A42F /* TwitterKit.framework/Resources/TwitterKitResources.bundle/ */; };
		F8C848328DB39EBD38611171 /* FBSDKShareKit.framework */ = {isa = PBXBuildFile; fileRef = 2BAC490A9C1D00640B13F9A1 /* FBSDKShareKit.framework */; };
		FC3B47399F9589E2B5F4C269 /* Fabric.framework */ = {isa = PBXBuildFile; fileRef = AE51422881FF8B4DE969828E /* Fabric.framework */; };
		FD834FB6A18A4F485E9126DC /* PluginShareJSHelper.cpp */ = {isa = PBXBuildFile; fileRef = 982C4092AFCAAC73C4D3C6F2 /* PluginShareJSHelper.cpp */; };
/* End PBXBuildFile section */

/* Begin PBXFileReference section */
		017C4CA5A961FF75B7271045 /* nb */ = {isa = PBXFileReference; lastKnownFileType = text.plist.strings; name = nb; path = TwitterKit.framework/TwitterKitResources.bundle/nb.lproj/Localizable.strings; sourceTree = SOURCE_ROOT; };
		04E3444C9DD639AF4380DC99 /* PluginShareJSHelper.h */ = {isa = PBXFileReference; lastKnownFileType = sourcecode.c.h; name = PluginShareJSHelper.h; path = ../Classes/PluginShareJSHelper.h; sourceTree = SOURCE_ROOT; };
		065E429F921D227265A50CC1 /* ta */ = {isa = PBXFileReference; lastKnownFileType = text.plist.strings; name = ta; path = TwitterKit.framework/Resources/TwitterKitResources.bundle/ta.lproj/Localizable.strings; sourceTree = SOURCE_ROOT; };
		093746E49545DFF48A9CD557 /* nb */ = {isa = PBXFileReference; lastKnownFileType = text.plist.strings; name = nb; path = TwitterKit.framework/Resources/TwitterKitResources.bundle/nb.lproj/Localizable.strings; sourceTree = SOURCE_ROOT; };
		0A7C4D5CBEFB58CF319A33E4 /* it */ = {isa = PBXFileReference; lastKnownFileType = text.plist.strings; name = it; path = TwitterKit.framework/TwitterKitResources.bundle/it.lproj/Localizable.strings; sourceTree = SOURCE_ROOT; };
		0B4049779F6E2186C95799F3 /* fa */ = {isa = PBXFileReference; lastKnownFileType = text.plist.strings; name = fa; path = TwitterKit.framework/TwitterKitResources.bundle/fa.lproj/Localizable.strings; sourceTree = SOURCE_ROOT; };
		0D1F4F61AE7A57F7E2008B19 /* tr */ = {isa = PBXFileReference; lastKnownFileType = text.plist.strings; name = tr; path = TwitterKit.framework/Resources/TwitterKitResources.bundle/tr.lproj/Localizable.strings; sourceTree = SOURCE_ROOT; };
		0E984A6E80E5C4616346C608 /* kn */ = {isa = PBXFileReference; lastKnownFileType = text.plist.strings; name = kn; path = TwitterKit.framework/Resources/TwitterKitResources.bundle/kn.lproj/Localizable.strings; sourceTree = SOURCE_ROOT; };
		110D4DA6B50B3DE51199CF4A /* da */ = {isa = PBXFileReference; lastKnownFileType = text.plist.strings; name = da; path = TwitterKit.framework/TwitterKitResources.bundle/da.lproj/Localizable.strings; sourceTree = SOURCE_ROOT; };
		1A1A081B18C9DF05005C6854 /* project.json */ = {isa = PBXFileReference; lastKnownFileType = text.json; name = project.json; path = ../../../project.json; sourceTree = "<group>"; };
		1A6BF21418C9DB5900FB0E1C /* main.js */ = {isa = PBXFileReference; fileEncoding = 4; lastKnownFileType = sourcecode.javascript; name = main.js; path = ../../../main.js; sourceTree = "<group>"; };
		1A82F5FA169AC92500C4B13A /* libsqlite3.dylib */ = {isa = PBXFileReference; lastKnownFileType = compiled.mach-o.dylib; name = libsqlite3.dylib; path = usr/lib/libsqlite3.dylib; sourceTree = SDKROOT; };
		1A96A4F2174A3432008653A9 /* libcurl.a */ = {isa = PBXFileReference; lastKnownFileType = archive.ar; name = libcurl.a; path = "$(SRCROOT)/../../../../../sdkbox-cocos2d-x-binary/cocos2dx/platform/third_party/ios/libraries/libcurl.a"; sourceTree = "<group>"; };
		1AB043BFBD0CA5B6B6BC6DC4 /* ar */ = {isa = PBXFileReference; lastKnownFileType = text.plist.strings; name = ar; path = TwitterKit.framework/TwitterKitResources.bundle/ar.lproj/Localizable.strings; sourceTree = SOURCE_ROOT; };
		1AC54565B06C8E86F7715011 /* Bolts.framework */ = {isa = PBXFileReference; lastKnownFileType = wrapper.framework; name = Bolts.framework; path = Bolts.framework; sourceTree = SOURCE_ROOT; };
		1FB0413E851701AB48F54EFB /* hi */ = {isa = PBXFileReference; lastKnownFileType = text.plist.strings; name = hi; path = TwitterKit.framework/TwitterKitResources.bundle/hi.lproj/Localizable.strings; sourceTree = SOURCE_ROOT; };
		1FC34C5BAACF0DA0FA4E0B17 /* sk */ = {isa = PBXFileReference; lastKnownFileType = text.plist.strings; name = sk; path = TwitterKit.framework/TwitterKitResources.bundle/sk.lproj/Localizable.strings; sourceTree = SOURCE_ROOT; };
		20174FF585245DDCAC8FC422 /* fa */ = {isa = PBXFileReference; lastKnownFileType = text.plist.strings; name = fa; path = TwitterKit.framework/Resources/TwitterKitResources.bundle/fa.lproj/Localizable.strings; sourceTree = SOURCE_ROOT; };
		23CC41FF842984EA92C245D5 /* pt */ = {isa = PBXFileReference; lastKnownFileType = text.plist.strings; name = pt; path = TwitterKit.framework/TwitterKitResources.bundle/pt.lproj/Localizable.strings; sourceTree = SOURCE_ROOT; };
		25314D7F96A5964397743D54 /* libjscocos2d iOS.a */ = {isa = PBXFileReference; lastKnownFileType = archive.ar; name = "libjscocos2d iOS.a"; path = "$(SRCROOT)/../../../../../sdkbox-cocos2d-x-binary/prebuilt/ios/libjscocos2d iOS.a"; sourceTree = "<absolute>"; };
		25C04CFBA1974B5A9A4069AE /* GameController.framework */ = {isa = PBXFileReference; lastKnownFileType = wrapper.framework; name = GameController.framework; path = Platforms/iPhoneOS.platform/Developer/SDKs/iPhoneOS.sdk/System/Library/Frameworks/GameController.framework; sourceTree = DEVELOPER_DIR; };
		2946450D88307C5B9F51743D /* id */ = {isa = PBXFileReference; lastKnownFileType = text.plist.strings; name = id; path = TwitterKit.framework/Resources/TwitterKitResources.bundle/id.lproj/Localizable.strings; sourceTree = SOURCE_ROOT; };
		2BAC490A9C1D00640B13F9A1 /* FBSDKShareKit.framework */ = {isa = PBXFileReference; lastKnownFileType = wrapper.framework; path = FBSDKShareKit.framework; sourceTree = SOURCE_ROOT; };
		2F82467591442B518C32F1A5 /* TwitterCore.framework */ = {isa = PBXFileReference; lastKnownFileType = wrapper.framework; path = TwitterCore.framework; sourceTree = SOURCE_ROOT; };
		319047C4A22CACBC2EB40F87 /* PluginFacebookJS.cpp */ = {isa = PBXFileReference; lastKnownFileType = sourcecode.cpp.cpp; name = PluginFacebookJS.cpp; path = ../Classes/PluginFacebookJS.cpp; sourceTree = SOURCE_ROOT; };
		3214402597051F6F63143F26 /* uk */ = {isa = PBXFileReference; lastKnownFileType = text.plist.strings; name = uk; path = TwitterKit.framework/TwitterKitResources.bundle/uk.lproj/Localizable.strings; sourceTree = SOURCE_ROOT; };
		368F45A7BB996F2084900F92 /* uk */ = {isa = PBXFileReference; lastKnownFileType = text.plist.strings; name = uk; path = TwitterKit.framework/Resources/TwitterKitResources.bundle/uk.lproj/Localizable.strings; sourceTree = SOURCE_ROOT; };
		381F46DBAEE710B73400C672 /* tl */ = {isa = PBXFileReference; lastKnownFileType = text.plist.strings; name = tl; path = TwitterKit.framework/TwitterKitResources.bundle/tl.lproj/Localizable.strings; sourceTree = SOURCE_ROOT; };
		390C45F083381136CE0CE77D /* he */ = {isa = PBXFileReference; lastKnownFileType = text.plist.strings; name = he; path = TwitterKit.framework/Resources/TwitterKitResources.bundle/he.lproj/Localizable.strings; sourceTree = SOURCE_ROOT; };
		39844591AB3E91BC1625F41C /* sr */ = {isa = PBXFileReference; lastKnownFileType = text.plist.strings; name = sr; path = TwitterKit.framework/TwitterKitResources.bundle/sr.lproj/Localizable.strings; sourceTree = SOURCE_ROOT; };
		3C604BF5A2B40117F2426935 /* PluginShareJS.cpp */ = {isa = PBXFileReference; lastKnownFileType = sourcecode.cpp.cpp; name = PluginShareJS.cpp; path = ../Classes/PluginShareJS.cpp; sourceTree = SOURCE_ROOT; };
		3CE44CB193A272958BD2E79D /* he */ = {isa = PBXFileReference; lastKnownFileType = text.plist.strings; name = he; path = TwitterKit.framework/TwitterKitResources.bundle/he.lproj/Localizable.strings; sourceTree = SOURCE_ROOT; };
		435849A88E59254A5A40CB9A /* zh-Hant */ = {isa = PBXFileReference; lastKnownFileType = text.plist.strings; name = zh-Hant; path = TwitterKit.framework/TwitterKitResources.bundle/zh-Hant.lproj/Localizable.strings; sourceTree = SOURCE_ROOT; };
		45484974AEE36A9F31180CB6 /* ja */ = {isa = PBXFileReference; lastKnownFileType = text.plist.strings; name = ja; path = TwitterKit.framework/Resources/TwitterKitResources.bundle/ja.lproj/Localizable.strings; sourceTree = SOURCE_ROOT; };
		46AB4EA0B24587FF25017231 /* en */ = {isa = PBXFileReference; lastKnownFileType = text.plist.strings; name = en; path = TwitterKit.framework/TwitterKitResources.bundle/en.lproj/Localizable.strings; sourceTree = SOURCE_ROOT; };
		4C0E4809BE9957D446392846 /* ko */ = {isa = PBXFileReference; lastKnownFileType = text.plist.strings; name = ko; path = TwitterKit.framework/TwitterKitResources.bundle/ko.lproj/Localizable.strings; sourceTree = SOURCE_ROOT; };
		4DDD4F67BEAFCB780B5DAD1B /* nl */ = {isa = PBXFileReference; lastKnownFileType = text.plist.strings; name = nl; path = TwitterKit.framework/TwitterKitResources.bundle/nl.lproj/Localizable.strings; sourceTree = SOURCE_ROOT; };
		4E0E4237B45B6C6CF3606C5F /* ro */ = {isa = PBXFileReference; lastKnownFileType = text.plist.strings; name = ro; path = TwitterKit.framework/Resources/TwitterKitResources.bundle/ro.lproj/Localizable.strings; sourceTree = SOURCE_ROOT; };
		500941DE80E61DBD447D17AA /* nl */ = {isa = PBXFileReference; lastKnownFileType = text.plist.strings; name = nl; path = TwitterKit.framework/Resources/TwitterKitResources.bundle/nl.lproj/Localizable.strings; sourceTree = SOURCE_ROOT; };
		502380DB17EBB88200990C9B /* libcurl.dylib */ = {isa = PBXFileReference; lastKnownFileType = compiled.mach-o.dylib; name = libcurl.dylib; path = usr/lib/libcurl.dylib; sourceTree = SDKROOT; };
		5091731417ECDF7A00D62437 /* Icon-29.png */ = {isa = PBXFileReference; lastKnownFileType = image.png; name = Icon-29.png; path = ios/Icon-29.png; sourceTree = "<group>"; };
		5091731517ECDF7A00D62437 /* Icon-40.png */ = {isa = PBXFileReference; lastKnownFileType = image.png; name = Icon-40.png; path = ios/Icon-40.png; sourceTree = "<group>"; };
		5091731617ECDF7A00D62437 /* Icon-50.png */ = {isa = PBXFileReference; lastKnownFileType = image.png; name = Icon-50.png; path = ios/Icon-50.png; sourceTree = "<group>"; };
		5091731717ECDF7A00D62437 /* Icon-58.png */ = {isa = PBXFileReference; lastKnownFileType = image.png; name = Icon-58.png; path = ios/Icon-58.png; sourceTree = "<group>"; };
		5091731817ECDF7A00D62437 /* Icon-80.png */ = {isa = PBXFileReference; lastKnownFileType = image.png; name = Icon-80.png; path = ios/Icon-80.png; sourceTree = "<group>"; };
		5091731917ECDF7A00D62437 /* Icon-100.png */ = {isa = PBXFileReference; lastKnownFileType = image.png; name = Icon-100.png; path = ios/Icon-100.png; sourceTree = "<group>"; };
		509D4AAB17EBB2AB00697056 /* AppController.h */ = {isa = PBXFileReference; fileEncoding = 4; lastKnownFileType = sourcecode.c.h; name = AppController.h; path = ios/AppController.h; sourceTree = "<group>"; };
		509D4AAC17EBB2AB00697056 /* AppController.mm */ = {isa = PBXFileReference; fileEncoding = 4; lastKnownFileType = sourcecode.cpp.objcpp; name = AppController.mm; path = ios/AppController.mm; sourceTree = "<group>"; };
		509D4AAD17EBB2AB00697056 /* Default-568h@2x.png */ = {isa = PBXFileReference; lastKnownFileType = image.png; name = "Default-568h@2x.png"; path = "ios/Default-568h@2x.png"; sourceTree = "<group>"; };
		509D4AAE17EBB2AB00697056 /* Default.png */ = {isa = PBXFileReference; lastKnownFileType = image.png; name = Default.png; path = ios/Default.png; sourceTree = "<group>"; };
		509D4AAF17EBB2AB00697056 /* Default@2x.png */ = {isa = PBXFileReference; lastKnownFileType = image.png; name = "Default@2x.png"; path = "ios/Default@2x.png"; sourceTree = "<group>"; };
		509D4AB017EBB2AB00697056 /* Icon-57.png */ = {isa = PBXFileReference; lastKnownFileType = image.png; name = Icon-57.png; path = ios/Icon-57.png; sourceTree = "<group>"; };
		509D4AB117EBB2AB00697056 /* Icon-72.png */ = {isa = PBXFileReference; lastKnownFileType = image.png; name = Icon-72.png; path = ios/Icon-72.png; sourceTree = "<group>"; };
		509D4AB217EBB2AB00697056 /* Icon-76.png */ = {isa = PBXFileReference; lastKnownFileType = image.png; name = Icon-76.png; path = ios/Icon-76.png; sourceTree = "<group>"; };
		509D4AB317EBB2AB00697056 /* Icon-114.png */ = {isa = PBXFileReference; lastKnownFileType = image.png; name = Icon-114.png; path = ios/Icon-114.png; sourceTree = "<group>"; };
		509D4AB417EBB2AB00697056 /* Icon-120.png */ = {isa = PBXFileReference; lastKnownFileType = image.png; name = Icon-120.png; path = ios/Icon-120.png; sourceTree = "<group>"; };
		509D4AB517EBB2AB00697056 /* Icon-144.png */ = {isa = PBXFileReference; lastKnownFileType = image.png; name = Icon-144.png; path = ios/Icon-144.png; sourceTree = "<group>"; };
		509D4AB617EBB2AB00697056 /* Icon-152.png */ = {isa = PBXFileReference; lastKnownFileType = image.png; name = Icon-152.png; path = ios/Icon-152.png; sourceTree = "<group>"; };
		509D4AB717EBB2AB00697056 /* Info.plist */ = {isa = PBXFileReference; fileEncoding = 4; lastKnownFileType = text.plist.xml; name = Info.plist; path = ios/Info.plist; sourceTree = "<group>"; };
		509D4AB817EBB2AB00697056 /* main.m */ = {isa = PBXFileReference; fileEncoding = 4; lastKnownFileType = sourcecode.c.objc; name = main.m; path = ios/main.m; sourceTree = "<group>"; };
		509D4AB917EBB2AB00697056 /* Prefix.pch */ = {isa = PBXFileReference; fileEncoding = 4; lastKnownFileType = sourcecode.c.h; name = Prefix.pch; path = ios/Prefix.pch; sourceTree = "<group>"; };
		509D4ABA17EBB2AB00697056 /* RootViewController.h */ = {isa = PBXFileReference; fileEncoding = 4; lastKnownFileType = sourcecode.c.h; name = RootViewController.h; path = ios/RootViewController.h; sourceTree = "<group>"; };
		509D4ABB17EBB2AB00697056 /* RootViewController.mm */ = {isa = PBXFileReference; fileEncoding = 4; lastKnownFileType = sourcecode.cpp.objcpp; name = RootViewController.mm; path = ios/RootViewController.mm; sourceTree = "<group>"; };
		509D4AE617EBB81800697056 /* OpenGL.framework */ = {isa = PBXFileReference; lastKnownFileType = wrapper.framework; name = OpenGL.framework; path = System/Library/Frameworks/OpenGL.framework; sourceTree = SDKROOT; };
		509D4AE817EBB82000697056 /* AppKit.framework */ = {isa = PBXFileReference; lastKnownFileType = wrapper.framework; name = AppKit.framework; path = System/Library/Frameworks/AppKit.framework; sourceTree = SDKROOT; };
		509D4AEA17EBB82600697056 /* IOKit.framework */ = {isa = PBXFileReference; lastKnownFileType = wrapper.framework; name = IOKit.framework; path = System/Library/Frameworks/IOKit.framework; sourceTree = SDKROOT; };
		526041819F61614826BB19BD /* libcocos2d iOS.a */ = {isa = PBXFileReference; lastKnownFileType = archive.ar; name = "libcocos2d iOS.a"; path = "$(SRCROOT)/../../../../../sdkbox-cocos2d-x-binary/prebuilt/ios/libcocos2d iOS.a"; sourceTree = "<absolute>"; };
		564E455DB6DCD71CE30684AC /* SDKBoxJSHelper.h */ = {isa = PBXFileReference; lastKnownFileType = sourcecode.c.h; name = SDKBoxJSHelper.h; path = ../Classes/SDKBoxJSHelper.h; sourceTree = SOURCE_ROOT; };
		58AD4710AB0967FFF11F4D87 /* el */ = {isa = PBXFileReference; lastKnownFileType = text.plist.strings; name = el; path = TwitterKit.framework/Resources/TwitterKitResources.bundle/el.lproj/Localizable.strings; sourceTree = SOURCE_ROOT; };
		59334786AE55C7B779C6E4D3 /* PluginShareJS.hpp */ = {isa = PBXFileReference; lastKnownFileType = sourcecode.c.h; name = PluginShareJS.hpp; path = ../Classes/PluginShareJS.hpp; sourceTree = SOURCE_ROOT; };
		5DA246C8827031C9D7135001 /* SafariServices.framework */ = {isa = PBXFileReference; lastKnownFileType = wrapper.framework; name = SafariServices.framework; path = Platforms/iPhoneOS.platform/Developer/SDKs/iPhoneOS.sdk/System/Library/Frameworks/SafariServices.framework; sourceTree = DEVELOPER_DIR; };
		5EF0488F9B10F25B150F02FC /* sdkbox.framework */ = {isa = PBXFileReference; lastKnownFileType = wrapper.framework; path = sdkbox.framework; sourceTree = SOURCE_ROOT; };
		63924C8D8D93C1343646C85C /* th */ = {isa = PBXFileReference; lastKnownFileType = text.plist.strings; name = th; path = TwitterKit.framework/Resources/TwitterKitResources.bundle/th.lproj/Localizable.strings; sourceTree = SOURCE_ROOT; };
		671A491884E0C7533ED0085C /* script */ = {isa = PBXFileReference; lastKnownFileType = "?"; name = script; path = ../../../script; sourceTree = "<group>"; };
		671C438C8A21752F83482A8B /* PluginFacebook.framework */ = {isa = PBXFileReference; lastKnownFileType = wrapper.framework; path = PluginFacebook.framework; sourceTree = SOURCE_ROOT; };
		6904469B95A9C3DD5A9A5F75 /* pl */ = {isa = PBXFileReference; lastKnownFileType = text.plist.strings; name = pl; path = TwitterKit.framework/TwitterKitResources.bundle/pl.lproj/Localizable.strings; sourceTree = SOURCE_ROOT; };
		6E044E23A611CA70F903FEAE /* CoreText.framework */ = {isa = PBXFileReference; lastKnownFileType = wrapper.framework; name = CoreText.framework; path = Platforms/iPhoneOS.platform/Developer/SDKs/iPhoneOS.sdk/System/Library/Frameworks/CoreText.framework; sourceTree = DEVELOPER_DIR; };
		70F64ADC9920B0B06AA68CA7 /* CoreData.framework */ = {isa = PBXFileReference; lastKnownFileType = wrapper.framework; name = CoreData.framework; path = Platforms/iPhoneOS.platform/Developer/SDKs/iPhoneOS.sdk/System/Library/Frameworks/CoreData.framework; sourceTree = DEVELOPER_DIR; };
		728B42E78ABE029C3E084565 /* de */ = {isa = PBXFileReference; lastKnownFileType = text.plist.strings; name = de; path = TwitterKit.framework/Resources/TwitterKitResources.bundle/de.lproj/Localizable.strings; sourceTree = SOURCE_ROOT; };
		757343CE972271CF362BD0B7 /* hu */ = {isa = PBXFileReference; lastKnownFileType = text.plist.strings; name = hu; path = TwitterKit.framework/Resources/TwitterKitResources.bundle/hu.lproj/Localizable.strings; sourceTree = SOURCE_ROOT; };
		76EF4F5FAAB23E7292D3BF0C /* sr */ = {isa = PBXFileReference; lastKnownFileType = text.plist.strings; name = sr; path = TwitterKit.framework/Resources/TwitterKitResources.bundle/sr.lproj/Localizable.strings; sourceTree = SOURCE_ROOT; };
		7A4347218BE7BF9F1CD8C06A /* TwitterKit.framework */ = {isa = PBXFileReference; lastKnownFileType = wrapper.framework; path = TwitterKit.framework; sourceTree = SOURCE_ROOT; };
		7BE143A38E0E71DC2470DE07 /* en */ = {isa = PBXFileReference; lastKnownFileType = text.plist.strings; name = en; path = TwitterKit.framework/Resources/TwitterKitResources.bundle/en.lproj/Localizable.strings; sourceTree = SOURCE_ROOT; };
		7D7D4705A1C10B99543B0BB6 /* tr */ = {isa = PBXFileReference; lastKnownFileType = text.plist.strings; name = tr; path = TwitterKit.framework/TwitterKitResources.bundle/tr.lproj/Localizable.strings; sourceTree = SOURCE_ROOT; };
		7E494BF9B4D4BABC0D62C3C7 /* PluginFacebookJS.hpp */ = {isa = PBXFileReference; lastKnownFileType = sourcecode.c.h; name = PluginFacebookJS.hpp; path = ../Classes/PluginFacebookJS.hpp; sourceTree = SOURCE_ROOT; };
		813840B2B97B333530ED5310 /* en-gb */ = {isa = PBXFileReference; lastKnownFileType = text.plist.strings; name = en-gb; path = TwitterKit.framework/TwitterKitResources.bundle/en-gb.lproj/Localizable.strings; sourceTree = SOURCE_ROOT; };
		821D4713899702FD6FAA0C2C /* PluginShare.framework */ = {isa = PBXFileReference; lastKnownFileType = wrapper.framework; path = PluginShare.framework; sourceTree = SOURCE_ROOT; };
		82BE4C96A71F06F42BCD524B /* bg */ = {isa = PBXFileReference; lastKnownFileType = text.plist.strings; name = bg; path = TwitterKit.framework/TwitterKitResources.bundle/bg.lproj/Localizable.strings; sourceTree = SOURCE_ROOT; };
		833E434DB1DB1CB5E51D2C58 /* ru */ = {isa = PBXFileReference; lastKnownFileType = text.plist.strings; name = ru; path = TwitterKit.framework/Resources/TwitterKitResources.bundle/ru.lproj/Localizable.strings; sourceTree = SOURCE_ROOT; };
		85754D9E8746277033495641 /* SystemConfiguration.framework */ = {isa = PBXFileReference; lastKnownFileType = wrapper.framework; name = SystemConfiguration.framework; path = Platforms/iPhoneOS.platform/Developer/SDKs/iPhoneOS.sdk/System/Library/Frameworks/SystemConfiguration.framework; sourceTree = DEVELOPER_DIR; };
		860241FEB457C1B20FAA4ECB /* fr */ = {isa = PBXFileReference; lastKnownFileType = text.plist.strings; name = fr; path = TwitterKit.framework/Resources/TwitterKitResources.bundle/fr.lproj/Localizable.strings; sourceTree = SOURCE_ROOT; };
		87D4C4441AB2187000F68C44 /* Security.framework */ = {isa = PBXFileReference; lastKnownFileType = wrapper.framework; name = Security.framework; path = System/Library/Frameworks/Security.framework; sourceTree = SDKROOT; };
		8DEC4A7F82DF615BD8AC64D2 /* mr */ = {isa = PBXFileReference; lastKnownFileType = text.plist.strings; name = mr; path = TwitterKit.framework/TwitterKitResources.bundle/mr.lproj/Localizable.strings; sourceTree = SOURCE_ROOT; };
		929D4F07B321BB3DB084E658 /* cs */ = {isa = PBXFileReference; lastKnownFileType = text.plist.strings; name = cs; path = TwitterKit.framework/TwitterKitResources.bundle/cs.lproj/Localizable.strings; sourceTree = SOURCE_ROOT; };
		93544A37BF6A74ADFB12E81B /* ms */ = {isa = PBXFileReference; lastKnownFileType = text.plist.strings; name = ms; path = TwitterKit.framework/TwitterKitResources.bundle/ms.lproj/Localizable.strings; sourceTree = SOURCE_ROOT; };
		94DE42A9A6D76AD7E9C80010 /* bn */ = {isa = PBXFileReference; lastKnownFileType = text.plist.strings; name = bn; path = TwitterKit.framework/Resources/TwitterKitResources.bundle/bn.lproj/Localizable.strings; sourceTree = SOURCE_ROOT; };
		95F545E5A4D3D055CAC0C725 /* zh-Hans */ = {isa = PBXFileReference; lastKnownFileType = text.plist.strings; name = zh-Hans; path = TwitterKit.framework/Resources/TwitterKitResources.bundle/zh-Hans.lproj/Localizable.strings; sourceTree = SOURCE_ROOT; };
		982C4092AFCAAC73C4D3C6F2 /* PluginShareJSHelper.cpp */ = {isa = PBXFileReference; lastKnownFileType = sourcecode.cpp.cpp; name = PluginShareJSHelper.cpp; path = ../Classes/PluginShareJSHelper.cpp; sourceTree = SOURCE_ROOT; };
		9A3343021CE07041008319E4 /* MessageUI.framework */ = {isa = PBXFileReference; lastKnownFileType = wrapper.framework; name = MessageUI.framework; path = Platforms/iPhoneOS.platform/Developer/SDKs/iPhoneOS9.3.sdk/System/Library/Frameworks/MessageUI.framework; sourceTree = DEVELOPER_DIR; };
		9F20C9E11A5BBE85006FB50B /* Security.framework */ = {isa = PBXFileReference; lastKnownFileType = wrapper.framework; name = Security.framework; path = Platforms/iPhoneOS.platform/Developer/SDKs/iPhoneOS8.1.sdk/System/Library/Frameworks/Security.framework; sourceTree = DEVELOPER_DIR; };
		9FFEB99F1A6AB7F70095C43A /* CodeIDESupport.h */ = {isa = PBXFileReference; fileEncoding = 4; lastKnownFileType = sourcecode.c.h; path = CodeIDESupport.h; sourceTree = "<group>"; };
		9FFEB9A01A6AB7F70095C43A /* lang */ = {isa = PBXFileReference; fileEncoding = 4; lastKnownFileType = text; path = lang; sourceTree = "<group>"; };
		9FFEB9A31A6AB7F70095C43A /* RuntimeJsImpl.cpp */ = {isa = PBXFileReference; fileEncoding = 4; lastKnownFileType = sourcecode.cpp.cpp; path = RuntimeJsImpl.cpp; sourceTree = "<group>"; };
		9FFEB9A41A6AB7F70095C43A /* RuntimeJsImpl.h */ = {isa = PBXFileReference; fileEncoding = 4; lastKnownFileType = sourcecode.c.h; path = RuntimeJsImpl.h; sourceTree = "<group>"; };
		9FFEB9A71A6AB7F70095C43A /* js_module_register.h */ = {isa = PBXFileReference; fileEncoding = 4; lastKnownFileType = sourcecode.c.h; path = js_module_register.h; sourceTree = "<group>"; };
		9FFEB9C01A6B86360095C43A /* SimpleConfigParser.cpp */ = {isa = PBXFileReference; fileEncoding = 4; lastKnownFileType = sourcecode.cpp.cpp; path = SimpleConfigParser.cpp; sourceTree = "<group>"; };
		9FFEB9C11A6B86360095C43A /* SimpleConfigParser.h */ = {isa = PBXFileReference; fileEncoding = 4; lastKnownFileType = sourcecode.c.h; path = SimpleConfigParser.h; sourceTree = "<group>"; };
		A0BB4509B2526DC9E63399D2 /* gu */ = {isa = PBXFileReference; lastKnownFileType = text.plist.strings; name = gu; path = TwitterKit.framework/TwitterKitResources.bundle/gu.lproj/Localizable.strings; sourceTree = SOURCE_ROOT; };
		A241458FB0F862D106AEC57D /* sv */ = {isa = PBXFileReference; lastKnownFileType = text.plist.strings; name = sv; path = TwitterKit.framework/Resources/TwitterKitResources.bundle/sv.lproj/Localizable.strings; sourceTree = SOURCE_ROOT; };
		A34749FDB2733EA421D3B8E6 /* PluginFacebookJSHelper.cpp */ = {isa = PBXFileReference; lastKnownFileType = sourcecode.cpp.cpp; name = PluginFacebookJSHelper.cpp; path = ../Classes/PluginFacebookJSHelper.cpp; sourceTree = SOURCE_ROOT; };
		A3834A9BAC2BBEFEC5FF9A32 /* ms */ = {isa = PBXFileReference; lastKnownFileType = text.plist.strings; name = ms; path = TwitterKit.framework/Resources/TwitterKitResources.bundle/ms.lproj/Localizable.strings; sourceTree = SOURCE_ROOT; };
		A61741838861F8721B1E4DD3 /* SDKBoxJSHelper.cpp */ = {isa = PBXFileReference; lastKnownFileType = sourcecode.cpp.cpp; name = SDKBoxJSHelper.cpp; path = ../Classes/SDKBoxJSHelper.cpp; sourceTree = SOURCE_ROOT; };
		A6F24785A27E47A0332F124E /* ko */ = {isa = PBXFileReference; lastKnownFileType = text.plist.strings; name = ko; path = TwitterKit.framework/Resources/TwitterKitResources.bundle/ko.lproj/Localizable.strings; sourceTree = SOURCE_ROOT; };
		A922753D1517C094001B78AA /* share_js-mobile.app */ = {isa = PBXFileReference; explicitFileType = wrapper.application; includeInIndex = 0; path = share_js-mobile.app; sourceTree = BUILT_PRODUCTS_DIR; };
		A92275411517C094001B78AA /* QuartzCore.framework */ = {isa = PBXFileReference; lastKnownFileType = wrapper.framework; name = QuartzCore.framework; path = System/Library/Frameworks/QuartzCore.framework; sourceTree = SDKROOT; };
		A92275431517C094001B78AA /* OpenGLES.framework */ = {isa = PBXFileReference; lastKnownFileType = wrapper.framework; name = OpenGLES.framework; path = System/Library/Frameworks/OpenGLES.framework; sourceTree = SDKROOT; };
		A92275451517C094001B78AA /* OpenAL.framework */ = {isa = PBXFileReference; lastKnownFileType = wrapper.framework; name = OpenAL.framework; path = System/Library/Frameworks/OpenAL.framework; sourceTree = SDKROOT; };
		A92275471517C094001B78AA /* AudioToolbox.framework */ = {isa = PBXFileReference; lastKnownFileType = wrapper.framework; name = AudioToolbox.framework; path = System/Library/Frameworks/AudioToolbox.framework; sourceTree = SDKROOT; };
		A92275491517C094001B78AA /* AVFoundation.framework */ = {isa = PBXFileReference; lastKnownFileType = wrapper.framework; name = AVFoundation.framework; path = System/Library/Frameworks/AVFoundation.framework; sourceTree = SDKROOT; };
		A922754B1517C094001B78AA /* UIKit.framework */ = {isa = PBXFileReference; lastKnownFileType = wrapper.framework; name = UIKit.framework; path = System/Library/Frameworks/UIKit.framework; sourceTree = SDKROOT; };
		A922754D1517C094001B78AA /* Foundation.framework */ = {isa = PBXFileReference; lastKnownFileType = wrapper.framework; name = Foundation.framework; path = System/Library/Frameworks/Foundation.framework; sourceTree = SDKROOT; };
		A922754F1517C094001B78AA /* CoreGraphics.framework */ = {isa = PBXFileReference; lastKnownFileType = wrapper.framework; name = CoreGraphics.framework; path = System/Library/Frameworks/CoreGraphics.framework; sourceTree = SDKROOT; };
		A9B74981BB2EA389A330D7D7 /* sk */ = {isa = PBXFileReference; lastKnownFileType = text.plist.strings; name = sk; path = TwitterKit.framework/Resources/TwitterKitResources.bundle/sk.lproj/Localizable.strings; sourceTree = SOURCE_ROOT; };
		A9B84F319C3083F5AE091CCF /* AdSupport.framework */ = {isa = PBXFileReference; lastKnownFileType = wrapper.framework; name = AdSupport.framework; path = Platforms/iPhoneOS.platform/Developer/SDKs/iPhoneOS.sdk/System/Library/Frameworks/AdSupport.framework; sourceTree = DEVELOPER_DIR; };
		AB9943B09060C7E087A6A835 /* ja */ = {isa = PBXFileReference; lastKnownFileType = text.plist.strings; name = ja; path = TwitterKit.framework/TwitterKitResources.bundle/ja.lproj/Localizable.strings; sourceTree = SOURCE_ROOT; };
		AE51422881FF8B4DE969828E /* Fabric.framework */ = {isa = PBXFileReference; lastKnownFileType = wrapper.framework; path = Fabric.framework; sourceTree = SOURCE_ROOT; };
		AE72498D9FC6AF03FE6D5A4C /* kn */ = {isa = PBXFileReference; lastKnownFileType = text.plist.strings; name = kn; path = TwitterKit.framework/TwitterKitResources.bundle/kn.lproj/Localizable.strings; sourceTree = SOURCE_ROOT; };
		AEF946F9A4BE596C8F025BBE /* Accounts.framework */ = {isa = PBXFileReference; lastKnownFileType = wrapper.framework; name = Accounts.framework; path = Platforms/iPhoneOS.platform/Developer/SDKs/iPhoneOS.sdk/System/Library/Frameworks/Accounts.framework; sourceTree = DEVELOPER_DIR; };
		B5CC4A8CBFFB799D962EF93A /* CoreMedia.framework */ = {isa = PBXFileReference; lastKnownFileType = wrapper.framework; name = CoreMedia.framework; path = Platforms/iPhoneOS.platform/Developer/SDKs/iPhoneOS.sdk/System/Library/Frameworks/CoreMedia.framework; sourceTree = DEVELOPER_DIR; };
		B63B42DA9920411B31B4732A /* PluginFacebookJSHelper.h */ = {isa = PBXFileReference; lastKnownFileType = sourcecode.c.h; name = PluginFacebookJSHelper.h; path = ../Classes/PluginFacebookJSHelper.h; sourceTree = SOURCE_ROOT; };
		B6414F8BA058F8D43A3053B3 /* fi */ = {isa = PBXFileReference; lastKnownFileType = text.plist.strings; name = fi; path = TwitterKit.framework/Resources/TwitterKitResources.bundle/fi.lproj/Localizable.strings; sourceTree = SOURCE_ROOT; };
		B6E24E53BCEE1F9E41F1FC2A /* vi */ = {isa = PBXFileReference; lastKnownFileType = text.plist.strings; name = vi; path = TwitterKit.framework/Resources/TwitterKitResources.bundle/vi.lproj/Localizable.strings; sourceTree = SOURCE_ROOT; };
		B7CC4DBEA8CD0C50503FC0EF /* vi */ = {isa = PBXFileReference; lastKnownFileType = text.plist.strings; name = vi; path = TwitterKit.framework/TwitterKitResources.bundle/vi.lproj/Localizable.strings; sourceTree = SOURCE_ROOT; };
		B81948238CAA68DF49760915 /* it */ = {isa = PBXFileReference; lastKnownFileType = text.plist.strings; name = it; path = TwitterKit.framework/Resources/TwitterKitResources.bundle/it.lproj/Localizable.strings; sourceTree = SOURCE_ROOT; };
		BA4E718619EB6E7900932425 /* MediaPlayer.framework */ = {isa = PBXFileReference; lastKnownFileType = wrapper.framework; name = MediaPlayer.framework; path = Platforms/iPhoneOS.platform/Developer/SDKs/iPhoneOS8.0.sdk/System/Library/Frameworks/MediaPlayer.framework; sourceTree = DEVELOPER_DIR; };
		BA94461B8C46F42F2881FCEF /*  */ = {isa = PBXFileReference; lastKnownFileType = "?"; name = ""; path = TwitterKit.framework/TwitterKitResources.bundle/; sourceTree = SOURCE_ROOT; };
		BB0E41329AA84868FFFD2C46 /* ru */ = {isa = PBXFileReference; lastKnownFileType = text.plist.strings; name = ru; path = TwitterKit.framework/TwitterKitResources.bundle/ru.lproj/Localizable.strings; sourceTree = SOURCE_ROOT; };
		BB5C460185D98DD5C8513E1B /* FBSDKCoreKit.framework */ = {isa = PBXFileReference; lastKnownFileType = wrapper.framework; path = FBSDKCoreKit.framework; sourceTree = SOURCE_ROOT; };
		BFA349C995100D8663742DD3 /* th */ = {isa = PBXFileReference; lastKnownFileType = text.plist.strings; name = th; path = TwitterKit.framework/TwitterKitResources.bundle/th.lproj/Localizable.strings; sourceTree = SOURCE_ROOT; };
		C03780EA18BEE0E400FE4F13 /* src */ = {isa = PBXFileReference; lastKnownFileType = folder; name = src; path = ../../../src; sourceTree = "<group>"; };
		C05D1C161923467600B808A4 /* config.json */ = {isa = PBXFileReference; fileEncoding = 4; lastKnownFileType = text.json; name = config.json; path = ../../../config.json; sourceTree = "<group>"; };
		C0799CB518BAE62000E9C828 /* res */ = {isa = PBXFileReference; lastKnownFileType = folder; name = res; path = ../../../res; sourceTree = "<group>"; };
		C1AF4E42880DF1CBA5375953 /* es */ = {isa = PBXFileReference; lastKnownFileType = text.plist.strings; name = es; path = TwitterKit.framework/TwitterKitResources.bundle/es.lproj/Localizable.strings; sourceTree = SOURCE_ROOT; };
		C6AA42E4BB729736594EACD3 /* id */ = {isa = PBXFileReference; lastKnownFileType = text.plist.strings; name = id; path = TwitterKit.framework/TwitterKitResources.bundle/id.lproj/Localizable.strings; sourceTree = SOURCE_ROOT; };
		C7864CE59BE6DC08B7979EA6 /* tl */ = {isa = PBXFileReference; lastKnownFileType = text.plist.strings; name = tl; path = TwitterKit.framework/Resources/TwitterKitResources.bundle/tl.lproj/Localizable.strings; sourceTree = SOURCE_ROOT; };
		C8AE493A88FE3092A94C958E /* gu */ = {isa = PBXFileReference; lastKnownFileType = text.plist.strings; name = gu; path = TwitterKit.framework/Resources/TwitterKitResources.bundle/gu.lproj/Localizable.strings; sourceTree = SOURCE_ROOT; };
		C98F40E1894158B3DDB0A42F /* TwitterKit.framework/Resources/TwitterKitResources.bundle/ */ = {isa = PBXFileReference; lastKnownFileType = "?"; path = TwitterKit.framework/Resources/TwitterKitResources.bundle/; sourceTree = SOURCE_ROOT; };
		C9B64C6E909C6D61FB039869 /* ur */ = {isa = PBXFileReference; lastKnownFileType = text.plist.strings; name = ur; path = TwitterKit.framework/TwitterKitResources.bundle/ur.lproj/Localizable.strings; sourceTree = SOURCE_ROOT; };
		CE254C1A85E2431EF6926DE1 /* hi */ = {isa = PBXFileReference; lastKnownFileType = text.plist.strings; name = hi; path = TwitterKit.framework/Resources/TwitterKitResources.bundle/hi.lproj/Localizable.strings; sourceTree = SOURCE_ROOT; };
		D454520B156E22BD00887EB5 /* libz.dylib */ = {isa = PBXFileReference; lastKnownFileType = compiled.mach-o.dylib; name = libz.dylib; path = usr/lib/libz.dylib; sourceTree = SDKROOT; };
		D4545215156E28EF00887EB5 /* AppDelegate.cpp */ = {isa = PBXFileReference; fileEncoding = 4; lastKnownFileType = sourcecode.cpp.cpp; path = AppDelegate.cpp; sourceTree = "<group>"; };
		D4545216156E28EF00887EB5 /* AppDelegate.h */ = {isa = PBXFileReference; fileEncoding = 4; lastKnownFileType = sourcecode.c.h; path = AppDelegate.h; sourceTree = "<group>"; };
		D47D42B69C98019C02B5C5DB /* ar */ = {isa = PBXFileReference; lastKnownFileType = "?"; name = ar; path = TwitterKit.framework/Resources/TwitterKitResources.bundle/ar.lproj/Localizable.strings; sourceTree = SOURCE_ROOT; };
		D6074A4A91FE39B5AFCE5955 /* mr */ = {isa = PBXFileReference; lastKnownFileType = text.plist.strings; name = mr; path = TwitterKit.framework/Resources/TwitterKitResources.bundle/mr.lproj/Localizable.strings; sourceTree = SOURCE_ROOT; };
		D6B061231803AB9F0077942B /* CoreMotion.framework */ = {isa = PBXFileReference; lastKnownFileType = wrapper.framework; name = CoreMotion.framework; path = Platforms/iPhoneOS.platform/Developer/SDKs/iPhoneOS7.0.sdk/System/Library/Frameworks/CoreMotion.framework; sourceTree = DEVELOPER_DIR; };
		D815436DB12549C7831DE53D /* en-gb */ = {isa = PBXFileReference; lastKnownFileType = text.plist.strings; name = en-gb; path = TwitterKit.framework/Resources/TwitterKitResources.bundle/en-gb.lproj/Localizable.strings; sourceTree = SOURCE_ROOT; };
		D92645FF8140EA2107C645C4 /* ro */ = {isa = PBXFileReference; lastKnownFileType = text.plist.strings; name = ro; path = TwitterKit.framework/TwitterKitResources.bundle/ro.lproj/Localizable.strings; sourceTree = SOURCE_ROOT; };
		D9EF4F82B0CF8D159CA5AEC3 /* hr */ = {isa = PBXFileReference; lastKnownFileType = text.plist.strings; name = hr; path = TwitterKit.framework/TwitterKitResources.bundle/hr.lproj/Localizable.strings; sourceTree = SOURCE_ROOT; };
		DB4942DC89CF5E304809354C /* libsimulator iOS.a */ = {isa = PBXFileReference; lastKnownFileType = archive.ar; name = "libsimulator iOS.a"; path = "$(SRCROOT)/../../../../../sdkbox-cocos2d-x-binary/prebuilt/ios/libsimulator iOS.a"; sourceTree = "<absolute>"; };
		DE274FDCB08F1C63388EE677 /* sv */ = {isa = PBXFileReference; lastKnownFileType = text.plist.strings; name = sv; path = TwitterKit.framework/TwitterKitResources.bundle/sv.lproj/Localizable.strings; sourceTree = SOURCE_ROOT; };
		DE55463DA6A3443C3CE6094F /* fr */ = {isa = PBXFileReference; lastKnownFileType = text.plist.strings; name = fr; path = TwitterKit.framework/TwitterKitResources.bundle/fr.lproj/Localizable.strings; sourceTree = SOURCE_ROOT; };
		E10740CB8916BD39A03FF3B7 /* da */ = {isa = PBXFileReference; lastKnownFileType = text.plist.strings; name = da; path = TwitterKit.framework/Resources/TwitterKitResources.bundle/da.lproj/Localizable.strings; sourceTree = SOURCE_ROOT; };
		E3BA4735BB1AA1C3D03999BB /* zh-Hant */ = {isa = PBXFileReference; lastKnownFileType = text.plist.strings; name = zh-Hant; path = TwitterKit.framework/Resources/TwitterKitResources.bundle/zh-Hant.lproj/Localizable.strings; sourceTree = SOURCE_ROOT; };
		E70B42BAA95E8565E911C62C /* zh-Hans */ = {isa = PBXFileReference; lastKnownFileType = text.plist.strings; name = zh-Hans; path = TwitterKit.framework/TwitterKitResources.bundle/zh-Hans.lproj/Localizable.strings; sourceTree = SOURCE_ROOT; };
		E9284ADCA91D3912FA0742A5 /* bg */ = {isa = PBXFileReference; lastKnownFileType = text.plist.strings; name = bg; path = TwitterKit.framework/Resources/TwitterKitResources.bundle/bg.lproj/Localizable.strings; sourceTree = SOURCE_ROOT; };
		EAF34471922F23036A9DF580 /* hr */ = {isa = PBXFileReference; lastKnownFileType = text.plist.strings; name = hr; path = TwitterKit.framework/Resources/TwitterKitResources.bundle/hr.lproj/Localizable.strings; sourceTree = SOURCE_ROOT; };
		EB44428391333BD6C78374AC /* de */ = {isa = PBXFileReference; lastKnownFileType = text.plist.strings; name = de; path = TwitterKit.framework/TwitterKitResources.bundle/de.lproj/Localizable.strings; sourceTree = SOURCE_ROOT; };
		ED545A8F1B68A25E00C3958E /* libiconv.dylib */ = {isa = PBXFileReference; lastKnownFileType = compiled.mach-o.dylib; name = libiconv.dylib; path = Platforms/iPhoneOS.platform/Developer/SDKs/iPhoneOS8.4.sdk/usr/lib/libiconv.dylib; sourceTree = DEVELOPER_DIR; };
		ED545A911B68A26600C3958E /* libiconv.dylib */ = {isa = PBXFileReference; lastKnownFileType = compiled.mach-o.dylib; name = libiconv.dylib; path = usr/lib/libiconv.dylib; sourceTree = SDKROOT; };
		EDE44F01A371180E41193ACA /* FBSDKLoginKit.framework */ = {isa = PBXFileReference; lastKnownFileType = wrapper.framework; path = FBSDKLoginKit.framework; sourceTree = SOURCE_ROOT; };
		EEC24F2AAF43CB066D8A333A /* ur */ = {isa = PBXFileReference; lastKnownFileType = text.plist.strings; name = ur; path = TwitterKit.framework/Resources/TwitterKitResources.bundle/ur.lproj/Localizable.strings; sourceTree = SOURCE_ROOT; };
		EED9492DA7772876CC3651E3 /* pt */ = {isa = PBXFileReference; lastKnownFileType = text.plist.strings; name = pt; path = TwitterKit.framework/Resources/TwitterKitResources.bundle/pt.lproj/Localizable.strings; sourceTree = SOURCE_ROOT; };
		F06B4AE7AAD8E64AFF77C5E7 /* ta */ = {isa = PBXFileReference; lastKnownFileType = text.plist.strings; name = ta; path = TwitterKit.framework/TwitterKitResources.bundle/ta.lproj/Localizable.strings; sourceTree = SOURCE_ROOT; };
		F08A49A5AE8174C9A1A0B141 /* es */ = {isa = PBXFileReference; lastKnownFileType = text.plist.strings; name = es; path = TwitterKit.framework/Resources/TwitterKitResources.bundle/es.lproj/Localizable.strings; sourceTree = SOURCE_ROOT; };
		F1A3451C9A420FE35AC2294B /* hu */ = {isa = PBXFileReference; lastKnownFileType = text.plist.strings; name = hu; path = TwitterKit.framework/TwitterKitResources.bundle/hu.lproj/Localizable.strings; sourceTree = SOURCE_ROOT; };
		F23F4AB68421117E00C62F20 /* fi */ = {isa = PBXFileReference; lastKnownFileType = text.plist.strings; name = fi; path = TwitterKit.framework/TwitterKitResources.bundle/fi.lproj/Localizable.strings; sourceTree = SOURCE_ROOT; };
		F74E4A5CA395A4BF122635F0 /* Social.framework */ = {isa = PBXFileReference; lastKnownFileType = wrapper.framework; name = Social.framework; path = Platforms/iPhoneOS.platform/Developer/SDKs/iPhoneOS.sdk/System/Library/Frameworks/Social.framework; sourceTree = DEVELOPER_DIR; };
		F78E42CFBB26BAC7FC8AFFA6 /* ca */ = {isa = PBXFileReference; lastKnownFileType = text.plist.strings; name = ca; path = TwitterKit.framework/TwitterKitResources.bundle/ca.lproj/Localizable.strings; sourceTree = SOURCE_ROOT; };
		FC3241B585015E96F18A606E /* pl */ = {isa = PBXFileReference; lastKnownFileType = text.plist.strings; name = pl; path = TwitterKit.framework/Resources/TwitterKitResources.bundle/pl.lproj/Localizable.strings; sourceTree = SOURCE_ROOT; };
		FD6C43F393BF8F20935F8DD3 /* bn */ = {isa = PBXFileReference; lastKnownFileType = text.plist.strings; name = bn; path = TwitterKit.framework/TwitterKitResources.bundle/bn.lproj/Localizable.strings; sourceTree = SOURCE_ROOT; };
		FE284CCA8017DFE969380B13 /* el */ = {isa = PBXFileReference; lastKnownFileType = text.plist.strings; name = el; path = TwitterKit.framework/TwitterKitResources.bundle/el.lproj/Localizable.strings; sourceTree = SOURCE_ROOT; };
		FED74D61B14193AE85579AF0 /* cs */ = {isa = PBXFileReference; lastKnownFileType = text.plist.strings; name = cs; path = TwitterKit.framework/Resources/TwitterKitResources.bundle/cs.lproj/Localizable.strings; sourceTree = SOURCE_ROOT; };
		FFF7470CA922C64DF6250FF9 /* es-MX */ = {isa = PBXFileReference; lastKnownFileType = text.plist.strings; name = es-MX; path = TwitterKit.framework/TwitterKitResources.bundle/es-MX.lproj/Localizable.strings; sourceTree = SOURCE_ROOT; };
/* End PBXFileReference section */

/* Begin PBXFrameworksBuildPhase section */
		A922753A1517C094001B78AA /* Frameworks */ = {
			isa = PBXFrameworksBuildPhase;
			buildActionMask = 2147483647;
			files = (
				9A3343031CE07041008319E4 /* MessageUI.framework */,
				ED545A901B68A25E00C3958E /* libiconv.dylib */,
				9F20C9E61A5BD38A006FB50B /* Security.framework */,
				BA4E718719EB6E7900932425 /* MediaPlayer.framework */,
				D6B061241803AB9F0077942B /* CoreMotion.framework */,
				1A82F5FB169AC92500C4B13A /* libsqlite3.dylib */,
				D454520C156E22BD00887EB5 /* libz.dylib */,
				A92275421517C094001B78AA /* QuartzCore.framework */,
				A92275441517C094001B78AA /* OpenGLES.framework */,
				A92275461517C094001B78AA /* OpenAL.framework */,
				A92275481517C094001B78AA /* AudioToolbox.framework */,
				A922754A1517C094001B78AA /* AVFoundation.framework */,
				A922754C1517C094001B78AA /* UIKit.framework */,
				A922754E1517C094001B78AA /* Foundation.framework */,
				A92275501517C094001B78AA /* CoreGraphics.framework */,
				6E144EF4830450EE49A515AF /* libcocos2d iOS.a */,
				28614A5582EFCDE41E6DCD96 /* libjscocos2d iOS.a */,
				ADA4461682F4B8DA681731C5 /* libsimulator iOS.a */,
				6AA34FCAA8E08556B7EF5B8D /* sdkbox.framework */,
				F5B74E839E654040ACF97E41 /* PluginShare.framework */,
				FC3B47399F9589E2B5F4C269 /* Fabric.framework */,
				533645FA82DEE8344F1F7E27 /* TwitterCore.framework */,
				1E4C4014B8DEF103D0D8C61C /* TwitterKit.framework */,
				C47146969FC6285D99429209 /* Accounts.framework */,
				E5DF4754BED42BFA36CBA06C /* CoreText.framework */,
				DC3443119768EC3D580632AB /* CoreMedia.framework */,
				1BE34C86B182A0035D953A80 /* CoreData.framework */,
				232D4DC2AFE701B32146180A /* Social.framework */,
				8F814524944BB6AFE08B5067 /* GameController.framework */,
				D6184EB2AEE90D910F02D3C4 /* SystemConfiguration.framework */,
				AE0B4CDE92B6BEECDDAEEAAE /* PluginFacebook.framework */,
				8154492DB728F9A5D20877BC /* FBSDKCoreKit.framework */,
				D8F74ED0B87FE9C165AA1DC8 /* FBSDKLoginKit.framework */,
				F8C848328DB39EBD38611171 /* FBSDKShareKit.framework */,
				535149FB9126ACA9DCF3885F /* AdSupport.framework */,
				175B47DD894C315A14BDFD69 /* Bolts.framework */,
				70E642C491F40546EA371797 /* SafariServices.framework */,
			);
			runOnlyForDeploymentPostprocessing = 0;
		};
/* End PBXFrameworksBuildPhase section */

/* Begin PBXGroup section */
		15628F5B15F0F5C2000CF24B /* Resources */ = {
			isa = PBXGroup;
			children = (
				C05D1C161923467600B808A4 /* config.json */,
				1A1A081B18C9DF05005C6854 /* project.json */,
				1A6BF21418C9DB5900FB0E1C /* main.js */,
				C0799CB518BAE62000E9C828 /* res */,
				C03780EA18BEE0E400FE4F13 /* src */,
			);
			name = Resources;
			sourceTree = "<group>";
		};
		5091732E17ECDF8A00D62437 /* Icons */ = {
			isa = PBXGroup;
			children = (
				5091731417ECDF7A00D62437 /* Icon-29.png */,
				5091731517ECDF7A00D62437 /* Icon-40.png */,
				5091731617ECDF7A00D62437 /* Icon-50.png */,
				5091731717ECDF7A00D62437 /* Icon-58.png */,
				5091731817ECDF7A00D62437 /* Icon-80.png */,
				5091731917ECDF7A00D62437 /* Icon-100.png */,
				509D4AB017EBB2AB00697056 /* Icon-57.png */,
				509D4AB117EBB2AB00697056 /* Icon-72.png */,
				509D4AB217EBB2AB00697056 /* Icon-76.png */,
				509D4AB317EBB2AB00697056 /* Icon-114.png */,
				509D4AB417EBB2AB00697056 /* Icon-120.png */,
				509D4AB517EBB2AB00697056 /* Icon-144.png */,
				509D4AB617EBB2AB00697056 /* Icon-152.png */,
			);
			name = Icons;
			sourceTree = "<group>";
		};
		9FFEB99E1A6AB7F70095C43A /* ide-support */ = {
			isa = PBXGroup;
			children = (
				9FFEB9C01A6B86360095C43A /* SimpleConfigParser.cpp */,
				9FFEB9C11A6B86360095C43A /* SimpleConfigParser.h */,
				9FFEB99F1A6AB7F70095C43A /* CodeIDESupport.h */,
				9FFEB9A01A6AB7F70095C43A /* lang */,
				9FFEB9A31A6AB7F70095C43A /* RuntimeJsImpl.cpp */,
				9FFEB9A41A6AB7F70095C43A /* RuntimeJsImpl.h */,
			);
			path = ide-support;
			sourceTree = "<group>";
		};
		A92275321517C094001B78AA /*  */ = {
			isa = PBXGroup;
			children = (
				C06D18B718C02D4A003D1A65 /* JS Common */,
				D4545214156E28EF00887EB5 /* Classes */,
				A92275401517C094001B78AA /* Frameworks */,
				D45446CC156DE73F00887EB5 /* ios */,
				A922753E1517C094001B78AA /* Products */,
				15628F5B15F0F5C2000CF24B /* Resources */,
				B2C749EAA329864FCB8D27C7 /* ios-libs */,
				C98F40E1894158B3DDB0A42F /* TwitterKit.framework/Resources/TwitterKitResources.bundle/ */,
				1C08432C89DBC6B454FE4002 /* Localizable.strings */,
				BA94461B8C46F42F2881FCEF /*  */,
			);
			sourceTree = "<group>";
		};
		A922753E1517C094001B78AA /* Products */ = {
			isa = PBXGroup;
			children = (
				A922753D1517C094001B78AA /* share_js-mobile.app */,
			);
			name = Products;
			sourceTree = "<group>";
		};
		A92275401517C094001B78AA /* Frameworks */ = {
			isa = PBXGroup;
			children = (
				9A3343021CE07041008319E4 /* MessageUI.framework */,
				ED545A911B68A26600C3958E /* libiconv.dylib */,
				ED545A8F1B68A25E00C3958E /* libiconv.dylib */,
				87D4C4441AB2187000F68C44 /* Security.framework */,
				9F20C9E11A5BBE85006FB50B /* Security.framework */,
				D6B061231803AB9F0077942B /* CoreMotion.framework */,
				502380DB17EBB88200990C9B /* libcurl.dylib */,
				509D4AEA17EBB82600697056 /* IOKit.framework */,
				509D4AE817EBB82000697056 /* AppKit.framework */,
				509D4AE617EBB81800697056 /* OpenGL.framework */,
				1A96A4F2174A3432008653A9 /* libcurl.a */,
				1A82F5FA169AC92500C4B13A /* libsqlite3.dylib */,
				D454520B156E22BD00887EB5 /* libz.dylib */,
				A92275411517C094001B78AA /* QuartzCore.framework */,
				A92275431517C094001B78AA /* OpenGLES.framework */,
				A92275451517C094001B78AA /* OpenAL.framework */,
				A92275471517C094001B78AA /* AudioToolbox.framework */,
				A92275491517C094001B78AA /* AVFoundation.framework */,
				A922754B1517C094001B78AA /* UIKit.framework */,
				A922754D1517C094001B78AA /* Foundation.framework */,
				A922754F1517C094001B78AA /* CoreGraphics.framework */,
				5EF0488F9B10F25B150F02FC /* sdkbox.framework */,
				821D4713899702FD6FAA0C2C /* PluginShare.framework */,
				AE51422881FF8B4DE969828E /* Fabric.framework */,
				2F82467591442B518C32F1A5 /* TwitterCore.framework */,
				7A4347218BE7BF9F1CD8C06A /* TwitterKit.framework */,
				AEF946F9A4BE596C8F025BBE /* Accounts.framework */,
				6E044E23A611CA70F903FEAE /* CoreText.framework */,
				B5CC4A8CBFFB799D962EF93A /* CoreMedia.framework */,
				70F64ADC9920B0B06AA68CA7 /* CoreData.framework */,
				F74E4A5CA395A4BF122635F0 /* Social.framework */,
				25C04CFBA1974B5A9A4069AE /* GameController.framework */,
				85754D9E8746277033495641 /* SystemConfiguration.framework */,
				671C438C8A21752F83482A8B /* PluginFacebook.framework */,
				BB5C460185D98DD5C8513E1B /* FBSDKCoreKit.framework */,
				EDE44F01A371180E41193ACA /* FBSDKLoginKit.framework */,
				2BAC490A9C1D00640B13F9A1 /* FBSDKShareKit.framework */,
				A9B84F319C3083F5AE091CCF /* AdSupport.framework */,
				1AC54565B06C8E86F7715011 /* Bolts.framework */,
				5DA246C8827031C9D7135001 /* SafariServices.framework */,
			);
			name = Frameworks;
			sourceTree = "<group>";
		};
		B2C749EAA329864FCB8D27C7 /* ios-libs */ = {
			isa = PBXGroup;
			children = (
				526041819F61614826BB19BD /* libcocos2d iOS.a */,
				25314D7F96A5964397743D54 /* libjscocos2d iOS.a */,
				DB4942DC89CF5E304809354C /* libsimulator iOS.a */,
			);
			name = ios-libs;
			sourceTree = "<group>";
		};
		C06D18B718C02D4A003D1A65 /* JS Common */ = {
			isa = PBXGroup;
			children = (
				671A491884E0C7533ED0085C /* script */,
			);
			name = "JS Common";
			sourceTree = "<group>";
		};
		D45446CC156DE73F00887EB5 /* ios */ = {
			isa = PBXGroup;
			children = (
				509D4AAB17EBB2AB00697056 /* AppController.h */,
				509D4AAC17EBB2AB00697056 /* AppController.mm */,
				509D4AAD17EBB2AB00697056 /* Default-568h@2x.png */,
				509D4AAE17EBB2AB00697056 /* Default.png */,
				509D4AAF17EBB2AB00697056 /* Default@2x.png */,
				5091732E17ECDF8A00D62437 /* Icons */,
				509D4AB717EBB2AB00697056 /* Info.plist */,
				509D4AB817EBB2AB00697056 /* main.m */,
				509D4AB917EBB2AB00697056 /* Prefix.pch */,
				509D4ABA17EBB2AB00697056 /* RootViewController.h */,
				509D4ABB17EBB2AB00697056 /* RootViewController.mm */,
			);
			name = ios;
			sourceTree = "<group>";
		};
		D4545214156E28EF00887EB5 /* Classes */ = {
			isa = PBXGroup;
			children = (
				9FFEB99E1A6AB7F70095C43A /* ide-support */,
				9FFEB9A71A6AB7F70095C43A /* js_module_register.h */,
				D4545215156E28EF00887EB5 /* AppDelegate.cpp */,
				D4545216156E28EF00887EB5 /* AppDelegate.h */,
				3C604BF5A2B40117F2426935 /* PluginShareJS.cpp */,
				59334786AE55C7B779C6E4D3 /* PluginShareJS.hpp */,
				982C4092AFCAAC73C4D3C6F2 /* PluginShareJSHelper.cpp */,
				04E3444C9DD639AF4380DC99 /* PluginShareJSHelper.h */,
				A61741838861F8721B1E4DD3 /* SDKBoxJSHelper.cpp */,
				564E455DB6DCD71CE30684AC /* SDKBoxJSHelper.h */,
				319047C4A22CACBC2EB40F87 /* PluginFacebookJS.cpp */,
				7E494BF9B4D4BABC0D62C3C7 /* PluginFacebookJS.hpp */,
				A34749FDB2733EA421D3B8E6 /* PluginFacebookJSHelper.cpp */,
				B63B42DA9920411B31B4732A /* PluginFacebookJSHelper.h */,
			);
			name = Classes;
			path = ../Classes;
			sourceTree = "<group>";
		};
/* End PBXGroup section */

/* Begin PBXNativeTarget section */
		A922753C1517C094001B78AA /* share_js-mobile */ = {
			isa = PBXNativeTarget;
			buildConfigurationList = A92277001517C097001B78AA /* Build configuration list for PBXNativeTarget "share_js-mobile" */;
			buildPhases = (
				A92275391517C094001B78AA /* Sources */,
				A922753A1517C094001B78AA /* Frameworks */,
				A922753B1517C094001B78AA /* Resources */,
				3EC03834196541CD00D72B70 /* ShellScript */,
			);
			buildRules = (
			);
			dependencies = (
			);
			name = share_js-mobile;
			productName = share_js;
			productReference = A922753D1517C094001B78AA /* share_js-mobile.app */;
			productType = com.apple.product-type.application;
		};
/* End PBXNativeTarget section */

/* Begin PBXProject section */
		A92275341517C094001B78AA /* Project Object */ = {
			isa = PBXProject;
			attributes = {
				LastUpgradeCheck = 0500;
			};
			buildConfigurationList = A92275371517C094001B78AA /* Build configuration list for PBXProject "Unity-iPhone" */;
			compatibilityVersion = "Xcode 3.2";
			developmentRegion = English;
			hasScannedForEncodings = 0;
			knownRegions = (
				en,
				Base,
				zh-Hans,
			);
			mainGroup = A92275321517C094001B78AA /*  */;
			productRefGroup = A922753E1517C094001B78AA /* Products */;
			projectDirPath = "";
			projectRoot = "";
			targets = (
				A922753C1517C094001B78AA /* share_js-mobile */,
			);
		};
/* End PBXProject section */

/* Begin PBXResourcesBuildPhase section */
		A922753B1517C094001B78AA /* Resources */ = {
			isa = PBXResourcesBuildPhase;
			buildActionMask = 2147483647;
			files = (
				1AE159EC18C9DF3600FCA372 /* project.json */,
				1AD7E0A818C9DB93004817A6 /* main.js */,
				509D4ABE17EBB2AB00697056 /* Default.png */,
				C05D1C171923467600B808A4 /* config.json */,
				5091731E17ECDF7A00D62437 /* Icon-80.png */,
				5091731F17ECDF7A00D62437 /* Icon-100.png */,
				509D4AC117EBB2AB00697056 /* Icon-72.png */,
				509D4AC017EBB2AB00697056 /* Icon-57.png */,
				5091731A17ECDF7A00D62437 /* Icon-29.png */,
				C03780EB18BEE0E400FE4F13 /* src */,
				509D4AC617EBB2AB00697056 /* Icon-152.png */,
				C0799CB918BAE62000E9C828 /* res */,
				509D4AC517EBB2AB00697056 /* Icon-144.png */,
				509D4AC317EBB2AB00697056 /* Icon-114.png */,
				509D4ABD17EBB2AB00697056 /* Default-568h@2x.png */,
				509D4ABF17EBB2AB00697056 /* Default@2x.png */,
				509D4AC217EBB2AB00697056 /* Icon-76.png */,
				5091731B17ECDF7A00D62437 /* Icon-40.png */,
				5091731C17ECDF7A00D62437 /* Icon-50.png */,
				509D4AC417EBB2AB00697056 /* Icon-120.png */,
				5091731D17ECDF7A00D62437 /* Icon-58.png */,
				498B452C9E98B6E14A9B86D2 /* script */,
				F5ED4670B30B39DBAC16A60B /* TwitterKit.framework/Resources/TwitterKitResources.bundle/ */,
				974A4813B49E6327ADA178FB /* Localizable.strings */,
				A66545F3B6561847A1D57FF7 /*  */,
			);
			runOnlyForDeploymentPostprocessing = 0;
		};
/* End PBXResourcesBuildPhase section */

/* Begin PBXShellScriptBuildPhase section */
		3EC03834196541CD00D72B70 /* ShellScript */ = {
			isa = PBXShellScriptBuildPhase;
			buildActionMask = 12;
			files = (
			);
			inputPaths = (
			);
			outputPaths = (
			);
			runOnlyForDeploymentPostprocessing = 0;
			shellPath = /bin/sh;
			shellScript = "find ${SRCROOT}/../../../src/ -name \"*\" -exec touch -cm {} \\;\nfind ${SRCROOT}/../../../res/ -name \"*\" -exec touch -cm {} \\;";
		};
/* End PBXShellScriptBuildPhase section */

/* Begin PBXSourcesBuildPhase section */
		A92275391517C094001B78AA /* Sources */ = {
			isa = PBXSourcesBuildPhase;
			buildActionMask = 2147483647;
			files = (
				509D4AC917EBB2AB00697056 /* RootViewController.mm */,
				9FFEB9AC1A6AB7F70095C43A /* RuntimeJsImpl.cpp */,
				D4545227156E28EF00887EB5 /* AppDelegate.cpp */,
				509D4AC817EBB2AB00697056 /* main.m */,
				9FFEB9C21A6B86360095C43A /* SimpleConfigParser.cpp */,
				509D4ABC17EBB2AB00697056 /* AppController.mm */,
				3DC8480BB2216941DBB95C54 /* PluginShareJS.cpp */,
				FD834FB6A18A4F485E9126DC /* PluginShareJSHelper.cpp */,
				8C974E928E4A08755DD42460 /* SDKBoxJSHelper.cpp */,
				72EE454EBDFA2BC39A62F9A7 /* PluginFacebookJS.cpp */,
				3EE74E90873DD0A6A585050E /* PluginFacebookJSHelper.cpp */,
			);
			runOnlyForDeploymentPostprocessing = 0;
		};
/* End PBXSourcesBuildPhase section */

/* Begin XCBuildConfiguration section */
		A92276FE1517C097001B78AA /* Debug */ = {
			isa = XCBuildConfiguration;
			buildSettings = {
				ARCHS = "$(ARCHS_STANDARD_32_BIT)";
				CLANG_CXX_LANGUAGE_STANDARD = "c++0x";
				CLANG_CXX_LIBRARY = "libc++";
				COPY_PHASE_STRIP = NO;
				GCC_C_LANGUAGE_STANDARD = c99;
				GCC_OPTIMIZATION_LEVEL = 0;
				GCC_PREPROCESSOR_DEFINITIONS = (
					"COCOS2D_DEBUG=1",
					USE_FILE32API,
					COCOS2D_JAVASCRIPT,
					CC_ENABLE_CHIPMUNK_INTEGRATION,
				);
				GCC_SYMBOLS_PRIVATE_EXTERN = NO;
				GCC_WARN_ABOUT_RETURN_TYPE = YES;
				GCC_WARN_UNUSED_VARIABLE = YES;
				HEADER_SEARCH_PATHS = "";
				IPHONEOS_DEPLOYMENT_TARGET = 6.0;
				MACOSX_DEPLOYMENT_TARGET = 10.8;
				ONLY_ACTIVE_ARCH = YES;
				PRODUCT_NAME = "$(TARGET_NAME)";
				USER_HEADER_SEARCH_PATHS = "$(SRCROOT)/../../../../../sdkbox-cocos2d-x-binary $(SRCROOT)/../../../../../sdkbox-cocos2d-x-binary/cocos $(SRCROOT)/../../../../../sdkbox-cocos2d-x-binary/cocos/base $(SRCROOT)/../../../../../sdkbox-cocos2d-x-binary/cocos/physics $(SRCROOT)/../../../../../sdkbox-cocos2d-x-binary/cocos/math/kazmath $(SRCROOT)/../../../../../sdkbox-cocos2d-x-binary/cocos/2d $(SRCROOT)/../../../../../sdkbox-cocos2d-x-binary/cocos/gui $(SRCROOT)/../../../../../sdkbox-cocos2d-x-binary/cocos/network $(SRCROOT)/../../../../../sdkbox-cocos2d-x-binary/cocos/audio/include $(SRCROOT)/../../../../../sdkbox-cocos2d-x-binary/cocos/editor-support $(SRCROOT)/../../../../../sdkbox-cocos2d-x-binary/extensions $(SRCROOT)/../../../../../sdkbox-cocos2d-x-binary/external $(SRCROOT)/../../../../../sdkbox-cocos2d-x-binary/external/chipmunk/include/chipmunk $(SRCROOT)/../../../../../sdkbox-cocos2d-x-binary/cocos/scripting/js-bindings/auto $(SRCROOT)/../../../../../sdkbox-cocos2d-x-binary/cocos/scripting/js-bindings/manual";
			};
			name = Debug;
		};
		A92276FF1517C097001B78AA /* Release */ = {
			isa = XCBuildConfiguration;
			buildSettings = {
				ARCHS = "$(ARCHS_STANDARD_32_BIT)";
				CLANG_CXX_LANGUAGE_STANDARD = "c++0x";
				CLANG_CXX_LIBRARY = "libc++";
				GCC_C_LANGUAGE_STANDARD = c99;
				GCC_PREPROCESSOR_DEFINITIONS = (
					NDEBUG,
					USE_FILE32API,
					COCOS2D_JAVASCRIPT,
					CC_ENABLE_CHIPMUNK_INTEGRATION,
				);
				GCC_WARN_ABOUT_RETURN_TYPE = YES;
				GCC_WARN_UNUSED_VARIABLE = YES;
				HEADER_SEARCH_PATHS = "";
				IPHONEOS_DEPLOYMENT_TARGET = 6.0;
				MACOSX_DEPLOYMENT_TARGET = 10.8;
				OTHER_CFLAGS = "-DNS_BLOCK_ASSERTIONS=1";
				PRODUCT_NAME = "$(TARGET_NAME)";
				USER_HEADER_SEARCH_PATHS = "$(SRCROOT)/../../../../../sdkbox-cocos2d-x-binary $(SRCROOT)/../../../../../sdkbox-cocos2d-x-binary/cocos $(SRCROOT)/../../../../../sdkbox-cocos2d-x-binary/cocos/base $(SRCROOT)/../../../../../sdkbox-cocos2d-x-binary/cocos/physics $(SRCROOT)/../../../../../sdkbox-cocos2d-x-binary/cocos/math/kazmath $(SRCROOT)/../../../../../sdkbox-cocos2d-x-binary/cocos/2d $(SRCROOT)/../../../../../sdkbox-cocos2d-x-binary/cocos/gui $(SRCROOT)/../../../../../sdkbox-cocos2d-x-binary/cocos/network $(SRCROOT)/../../../../../sdkbox-cocos2d-x-binary/cocos/audio/include $(SRCROOT)/../../../../../sdkbox-cocos2d-x-binary/cocos/editor-support $(SRCROOT)/../../../../../sdkbox-cocos2d-x-binary/extensions $(SRCROOT)/../../../../../sdkbox-cocos2d-x-binary/external $(SRCROOT)/../../../../../sdkbox-cocos2d-x-binary/external/chipmunk/include/chipmunk $(SRCROOT)/../../../../../sdkbox-cocos2d-x-binary/cocos/scripting/js-bindings/auto $(SRCROOT)/../../../../../sdkbox-cocos2d-x-binary/cocos/scripting/js-bindings/manual";
				VALIDATE_PRODUCT = YES;
			};
			name = Release;
		};
		A92277011517C097001B78AA /* Debug */ = {
			isa = XCBuildConfiguration;
			buildSettings = {
				ALWAYS_SEARCH_USER_PATHS = YES;
				CODE_SIGN_IDENTITY = "iPhone Developer";
				COMPRESS_PNG_FILES = NO;
				ENABLE_BITCODE = NO;
				FRAMEWORK_SEARCH_PATHS = (
					"\"$(SRCROOT)\"",
				);
				GCC_DYNAMIC_NO_PIC = NO;
				GCC_PRECOMPILE_PREFIX_HEADER = YES;
				GCC_PREFIX_HEADER = ios/Prefix.pch;
				GCC_PREPROCESSOR_DEFINITIONS = (
					CC_TARGET_OS_IPHONE,
					"$(inherited)",
				);
				GCC_SYMBOLS_PRIVATE_EXTERN = YES;
				HEADER_SEARCH_PATHS = (
					"$(SRCROOT)/../Classes",
					"$(SRCROOT)/../../../../../sdkbox-cocos2d-x-binary/tools/simulator/libsimulator/lib/",
					"$(SRCROOT)/../../../../../sdkbox-cocos2d-x-binary/tools/simulator/libsimulator/lib/protobuf-lite",
				);
				INFOPLIST_FILE = ios/Info.plist;
				IPHONEOS_DEPLOYMENT_TARGET = 6.0;
				LIBRARY_SEARCH_PATHS = (
					"$(SRCROOT)/../../../../../sdkbox-cocos2d-x-binary/prebuilt/ios",
					"\"sdkbox.framework\"",
					"\"PluginShare.framework\"",
					"\"Fabric.framework\"",
					"\"TwitterCore.framework\"",
					"\"TwitterKit.framework\"",
					"\"PluginFacebook.framework\"",
					"\"FBSDKCoreKit.framework\"",
					"\"FBSDKLoginKit.framework\"",
					"\"FBSDKShareKit.framework\"",
					"\"Bolts.framework\"",
				);
				OTHER_CFLAGS = -DSDKBOX_ENABLED;
				OTHER_LDFLAGS = " -ObjC";
				SDKROOT = iphoneos;
				TARGETED_DEVICE_FAMILY = "1,2";
				USER_HEADER_SEARCH_PATHS = "$(inherited) $(SRCROOT)/../../../../../sdkbox-cocos2d-x-binary/cocos $(SRCROOT)/../../../../../sdkbox-cocos2d-x-binary/cocos/platform/ios $(SRCROOT)/../../../../../sdkbox-cocos2d-x-binary/external/spidermonkey/include/ios $(SRCROOT)/../../../../../sdkbox-cocos2d-x-binary/plugin/jsbindings/auto $(SRCROOT)/../../../../../sdkbox-cocos2d-x-binary/plugin/jsbindings/manual $(SRCROOT)/../../../../../sdkbox-cocos2d-x-binary/external/curl/include/ios";
				VALID_ARCHS = "arm64 armv7";
			};
			name = Debug;
		};
		A92277021517C097001B78AA /* Release */ = {
			isa = XCBuildConfiguration;
			buildSettings = {
				ALWAYS_SEARCH_USER_PATHS = YES;
				CODE_SIGN_IDENTITY = "iPhone Developer";
				COMPRESS_PNG_FILES = NO;
				ENABLE_BITCODE = NO;
				FRAMEWORK_SEARCH_PATHS = (
					"\"$(SRCROOT)\"",
				);
				GCC_GENERATE_DEBUGGING_SYMBOLS = NO;
				GCC_PRECOMPILE_PREFIX_HEADER = YES;
				GCC_PREFIX_HEADER = ios/Prefix.pch;
				GCC_PREPROCESSOR_DEFINITIONS = (
					CC_TARGET_OS_IPHONE,
					"$(inherited)",
				);
				GCC_SYMBOLS_PRIVATE_EXTERN = YES;
				HEADER_SEARCH_PATHS = (
					"$(SRCROOT)/../Classes",
					"$(SRCROOT)/../../../../../sdkbox-cocos2d-x-binary/tools/simulator/libsimulator/lib/",
					"$(SRCROOT)/../../../../../sdkbox-cocos2d-x-binary/tools/simulator/libsimulator/lib/protobuf-lite",
				);
				INFOPLIST_FILE = ios/Info.plist;
				IPHONEOS_DEPLOYMENT_TARGET = 6.0;
				LIBRARY_SEARCH_PATHS = (
					"$(SRCROOT)/../../../../../sdkbox-cocos2d-x-binary/prebuilt/ios",
					"\"sdkbox.framework\"",
					"\"PluginShare.framework\"",
					"\"Fabric.framework\"",
					"\"TwitterCore.framework\"",
					"\"TwitterKit.framework\"",
					"\"PluginFacebook.framework\"",
					"\"FBSDKCoreKit.framework\"",
					"\"FBSDKLoginKit.framework\"",
					"\"FBSDKShareKit.framework\"",
					"\"Bolts.framework\"",
				);
				OTHER_CFLAGS = -DSDKBOX_ENABLED;
				OTHER_LDFLAGS = " -ObjC";
				SDKROOT = iphoneos;
				TARGETED_DEVICE_FAMILY = "1,2";
				USER_HEADER_SEARCH_PATHS = "$(inherited) $(SRCROOT)/../../../../../sdkbox-cocos2d-x-binary/cocos $(SRCROOT)/../../../../../sdkbox-cocos2d-x-binary/cocos/platform/ios $(SRCROOT)/../../../../../sdkbox-cocos2d-x-binary/external/spidermonkey/include/ios $(SRCROOT)/../../../../../sdkbox-cocos2d-x-binary/plugin/jsbindings/auto $(SRCROOT)/../../../../../sdkbox-cocos2d-x-binary/plugin/jsbindings/manual $(SRCROOT)/../../../../../sdkbox-cocos2d-x-binary/external/curl/include/ios";
				VALID_ARCHS = "arm64 armv7";
			};
			name = Release;
		};
/* End XCBuildConfiguration section */

/* Begin XCConfigurationList section */
		A92275371517C094001B78AA /* Build configuration list for PBXProject "Unity-iPhone" */ = {
			isa = XCConfigurationList;
			buildConfigurations = (
				A92276FE1517C097001B78AA /* Debug */,
				A92276FF1517C097001B78AA /* Release */,
			);
			defaultConfigurationIsVisible = 0;
			defaultConfigurationName = Release;
		};
		A92277001517C097001B78AA /* Build configuration list for PBXNativeTarget "share_js-mobile" */ = {
			isa = XCConfigurationList;
			buildConfigurations = (
				A92277011517C097001B78AA /* Debug */,
				A92277021517C097001B78AA /* Release */,
			);
			defaultConfigurationIsVisible = 0;
			defaultConfigurationName = Release;
		};
/* End XCConfigurationList section */

/* Begin PBXVariantGroup section */
		1C08432C89DBC6B454FE4002 /* Localizable.strings */ = {
			isa = PBXVariantGroup;
			children = (
				D47D42B69C98019C02B5C5DB /* ar */,
				E9284ADCA91D3912FA0742A5 /* bg */,
				94DE42A9A6D76AD7E9C80010 /* bn */,
				FED74D61B14193AE85579AF0 /* cs */,
				E10740CB8916BD39A03FF3B7 /* da */,
				728B42E78ABE029C3E084565 /* de */,
				58AD4710AB0967FFF11F4D87 /* el */,
				D815436DB12549C7831DE53D /* en-gb */,
				7BE143A38E0E71DC2470DE07 /* en */,
				F08A49A5AE8174C9A1A0B141 /* es */,
				20174FF585245DDCAC8FC422 /* fa */,
				B6414F8BA058F8D43A3053B3 /* fi */,
				860241FEB457C1B20FAA4ECB /* fr */,
				C8AE493A88FE3092A94C958E /* gu */,
				390C45F083381136CE0CE77D /* he */,
				CE254C1A85E2431EF6926DE1 /* hi */,
				EAF34471922F23036A9DF580 /* hr */,
				757343CE972271CF362BD0B7 /* hu */,
				2946450D88307C5B9F51743D /* id */,
				B81948238CAA68DF49760915 /* it */,
				45484974AEE36A9F31180CB6 /* ja */,
				0E984A6E80E5C4616346C608 /* kn */,
				A6F24785A27E47A0332F124E /* ko */,
				D6074A4A91FE39B5AFCE5955 /* mr */,
				A3834A9BAC2BBEFEC5FF9A32 /* ms */,
				093746E49545DFF48A9CD557 /* nb */,
				500941DE80E61DBD447D17AA /* nl */,
				FC3241B585015E96F18A606E /* pl */,
				EED9492DA7772876CC3651E3 /* pt */,
				4E0E4237B45B6C6CF3606C5F /* ro */,
				833E434DB1DB1CB5E51D2C58 /* ru */,
				A9B74981BB2EA389A330D7D7 /* sk */,
				76EF4F5FAAB23E7292D3BF0C /* sr */,
				A241458FB0F862D106AEC57D /* sv */,
				065E429F921D227265A50CC1 /* ta */,
				63924C8D8D93C1343646C85C /* th */,
				C7864CE59BE6DC08B7979EA6 /* tl */,
				0D1F4F61AE7A57F7E2008B19 /* tr */,
				368F45A7BB996F2084900F92 /* uk */,
				EEC24F2AAF43CB066D8A333A /* ur */,
				B6E24E53BCEE1F9E41F1FC2A /* vi */,
				95F545E5A4D3D055CAC0C725 /* zh-Hans */,
				E3BA4735BB1AA1C3D03999BB /* zh-Hant */,
				1AB043BFBD0CA5B6B6BC6DC4 /* ar */,
				82BE4C96A71F06F42BCD524B /* bg */,
				FD6C43F393BF8F20935F8DD3 /* bn */,
				F78E42CFBB26BAC7FC8AFFA6 /* ca */,
				929D4F07B321BB3DB084E658 /* cs */,
				110D4DA6B50B3DE51199CF4A /* da */,
				EB44428391333BD6C78374AC /* de */,
				FE284CCA8017DFE969380B13 /* el */,
				813840B2B97B333530ED5310 /* en-gb */,
				46AB4EA0B24587FF25017231 /* en */,
				FFF7470CA922C64DF6250FF9 /* es-MX */,
				C1AF4E42880DF1CBA5375953 /* es */,
				0B4049779F6E2186C95799F3 /* fa */,
				F23F4AB68421117E00C62F20 /* fi */,
				DE55463DA6A3443C3CE6094F /* fr */,
				A0BB4509B2526DC9E63399D2 /* gu */,
				3CE44CB193A272958BD2E79D /* he */,
				1FB0413E851701AB48F54EFB /* hi */,
				D9EF4F82B0CF8D159CA5AEC3 /* hr */,
				F1A3451C9A420FE35AC2294B /* hu */,
				C6AA42E4BB729736594EACD3 /* id */,
				0A7C4D5CBEFB58CF319A33E4 /* it */,
				AB9943B09060C7E087A6A835 /* ja */,
				AE72498D9FC6AF03FE6D5A4C /* kn */,
				4C0E4809BE9957D446392846 /* ko */,
				8DEC4A7F82DF615BD8AC64D2 /* mr */,
				93544A37BF6A74ADFB12E81B /* ms */,
				017C4CA5A961FF75B7271045 /* nb */,
				4DDD4F67BEAFCB780B5DAD1B /* nl */,
				6904469B95A9C3DD5A9A5F75 /* pl */,
				23CC41FF842984EA92C245D5 /* pt */,
				D92645FF8140EA2107C645C4 /* ro */,
				BB0E41329AA84868FFFD2C46 /* ru */,
				1FC34C5BAACF0DA0FA4E0B17 /* sk */,
				39844591AB3E91BC1625F41C /* sr */,
				DE274FDCB08F1C63388EE677 /* sv */,
				F06B4AE7AAD8E64AFF77C5E7 /* ta */,
				BFA349C995100D8663742DD3 /* th */,
				381F46DBAEE710B73400C672 /* tl */,
				7D7D4705A1C10B99543B0BB6 /* tr */,
				3214402597051F6F63143F26 /* uk */,
				C9B64C6E909C6D61FB039869 /* ur */,
				B7CC4DBEA8CD0C50503FC0EF /* vi */,
				E70B42BAA95E8565E911C62C /* zh-Hans */,
				435849A88E59254A5A40CB9A /* zh-Hant */,
			);
			name = Localizable.strings;
			sourceTree = "<group>";
		};
/* End PBXVariantGroup section */
	};
	rootObject = A92275341517C094001B78AA /* Project Object */;
}