// !$*UTF8*$!
{
	archiveVersion = 1;
	classes = {
	};
	objectVersion = 46;
	objects = {

/* Begin PBXBuildFile section */
		11DB4E6988F3E121172188A8 /* Social.framework */ = {isa = PBXBuildFile; fileRef = C35D44DEA66BAC07C76F5C16 /* Social.framework */; };
		11E94508A2963B2E50541227 /* res */ = {isa = PBXBuildFile; fileRef = 847C4737BB87694BD4544EE6 /* res */; };
		1D60589F0D05DD5A006BFB54 /* Foundation.framework */ = {isa = PBXBuildFile; fileRef = 1D30AB110D05D00D00671497 /* Foundation.framework */; };
		1DF5F4E00D08C38300B7A737 /* UIKit.framework */ = {isa = PBXBuildFile; fileRef = 1DF5F4DF0D08C38300B7A737 /* UIKit.framework */; };
		24074420AA8B83F86F12FB14 /* Accounts.framework */ = {isa = PBXBuildFile; fileRef = 27624967B3323FE10751775D /* Accounts.framework */; };
		288765A50DF7441C002DB57D /* CoreGraphics.framework */ = {isa = PBXBuildFile; fileRef = 288765A40DF7441C002DB57D /* CoreGraphics.framework */; };
		38D54003BDA40DDC270C9277 /* CoreText.framework */ = {isa = PBXBuildFile; fileRef = 2D164AE69128AEAC5FE9BD6E /* CoreText.framework */; };
		46880B8819C43A87006E1F66 /* AppDelegate.cpp */ = {isa = PBXBuildFile; fileRef = 46880B8419C43A87006E1F66 /* AppDelegate.cpp */; };
		46880B8A19C43A87006E1F66 /* HelloWorldScene.cpp */ = {isa = PBXBuildFile; fileRef = 46880B8619C43A87006E1F66 /* HelloWorldScene.cpp */; };
		4AF24228B721699D68B0EB58 /* libcocos2d iOS.a */ = {isa = PBXBuildFile; fileRef = EC054D038170C9031CB136DE /* libcocos2d iOS.a */; };
		503AE10017EB989F00D1A890 /* AppController.mm */ = {isa = PBXBuildFile; fileRef = 503AE0FB17EB989F00D1A890 /* AppController.mm */; };
		503AE10117EB989F00D1A890 /* main.m */ = {isa = PBXBuildFile; fileRef = 503AE0FC17EB989F00D1A890 /* main.m */; };
		503AE10217EB989F00D1A890 /* RootViewController.mm */ = {isa = PBXBuildFile; fileRef = 503AE0FF17EB989F00D1A890 /* RootViewController.mm */; };
		5087E77D17EB970100C73F5D /* Default-568h@2x.png */ = {isa = PBXBuildFile; fileRef = 5087E77217EB970100C73F5D /* Default-568h@2x.png */; };
		5087E77E17EB970100C73F5D /* Default.png */ = {isa = PBXBuildFile; fileRef = 5087E77317EB970100C73F5D /* Default.png */; };
		5087E77F17EB970100C73F5D /* Default@2x.png */ = {isa = PBXBuildFile; fileRef = 5087E77417EB970100C73F5D /* Default@2x.png */; };
		5087E78017EB970100C73F5D /* Icon-114.png */ = {isa = PBXBuildFile; fileRef = 5087E77517EB970100C73F5D /* Icon-114.png */; };
		5087E78117EB970100C73F5D /* Icon-120.png */ = {isa = PBXBuildFile; fileRef = 5087E77617EB970100C73F5D /* Icon-120.png */; };
		5087E78217EB970100C73F5D /* Icon-144.png */ = {isa = PBXBuildFile; fileRef = 5087E77717EB970100C73F5D /* Icon-144.png */; };
		5087E78317EB970100C73F5D /* Icon-152.png */ = {isa = PBXBuildFile; fileRef = 5087E77817EB970100C73F5D /* Icon-152.png */; };
		5087E78417EB970100C73F5D /* Icon-57.png */ = {isa = PBXBuildFile; fileRef = 5087E77917EB970100C73F5D /* Icon-57.png */; };
		5087E78517EB970100C73F5D /* Icon-72.png */ = {isa = PBXBuildFile; fileRef = 5087E77A17EB970100C73F5D /* Icon-72.png */; };
		5087E78617EB970100C73F5D /* Icon-76.png */ = {isa = PBXBuildFile; fileRef = 5087E77B17EB970100C73F5D /* Icon-76.png */; };
		50EF629617ECD46A001EB2F8 /* Icon-40.png */ = {isa = PBXBuildFile; fileRef = 50EF629217ECD46A001EB2F8 /* Icon-40.png */; };
		50EF629717ECD46A001EB2F8 /* Icon-58.png */ = {isa = PBXBuildFile; fileRef = 50EF629317ECD46A001EB2F8 /* Icon-58.png */; };
		50EF629817ECD46A001EB2F8 /* Icon-80.png */ = {isa = PBXBuildFile; fileRef = 50EF629417ECD46A001EB2F8 /* Icon-80.png */; };
		50EF629917ECD46A001EB2F8 /* Icon-100.png */ = {isa = PBXBuildFile; fileRef = 50EF629517ECD46A001EB2F8 /* Icon-100.png */; };
		50EF62A217ECD613001EB2F8 /* Icon-29.png */ = {isa = PBXBuildFile; fileRef = 50EF62A017ECD613001EB2F8 /* Icon-29.png */; };
		50EF62A317ECD613001EB2F8 /* Icon-50.png */ = {isa = PBXBuildFile; fileRef = 50EF62A117ECD613001EB2F8 /* Icon-50.png */; };
		521A8E6419F0C34300D177D7 /* Default-667h@2x.png */ = {isa = PBXBuildFile; fileRef = 521A8E6219F0C34300D177D7 /* Default-667h@2x.png */; };
		521A8E6519F0C34300D177D7 /* Default-736h@3x.png */ = {isa = PBXBuildFile; fileRef = 521A8E6319F0C34300D177D7 /* Default-736h@3x.png */; };
		52B47A471A53D09C004E4C60 /* Security.framework */ = {isa = PBXBuildFile; fileRef = 52B47A461A53D09B004E4C60 /* Security.framework */; };
		58DA446F92EA4B93ED466B34 /* CoreMedia.framework */ = {isa = PBXBuildFile; fileRef = DCA84C298BF6D512B244C485 /* CoreMedia.framework */; };
		5DC34E0DB7A8C7CD9AAA7AC4 /* FBSDKShareKit.framework */ = {isa = PBXBuildFile; fileRef = 193A4F0DBD1E09E07ADDD65D /* FBSDKShareKit.framework */; };
		61D240C7AC530AB667511B41 /* FBSDKCoreKit.framework */ = {isa = PBXBuildFile; fileRef = 9D4D41B5AE95C5C50BFE28EF /* FBSDKCoreKit.framework */; };
		682A4B909F29A077F40E6CBA /* SystemConfiguration.framework */ = {isa = PBXBuildFile; fileRef = F3344EC880E0635865729298 /* SystemConfiguration.framework */; };
		6C394EB3B00D822E5BFFA8B3 /* TwitterCore.framework */ = {isa = PBXBuildFile; fileRef = 28904EEB9081FD2E445E172C /* TwitterCore.framework */; };
		86994A329FA36370EAB26814 /* TwitterKit.framework/Resources/TwitterKitResources.bundle/ */ = {isa = PBXBuildFile; fileRef = 6F584B52B496719A5A86CFCC /* TwitterKit.framework/Resources/TwitterKitResources.bundle/ */; };
		895744A794873B2E0E55E277 /* AdSupport.framework */ = {isa = PBXBuildFile; fileRef = A9EF475C897288CDBB1C1881 /* AdSupport.framework */; };
		9A3343011CE0678D008319E4 /* MessageUI.framework */ = {isa = PBXBuildFile; fileRef = 9A3343001CE0678D008319E4 /* MessageUI.framework */; };
		A2104A828B9AF312C477DDA0 /* GameController.framework */ = {isa = PBXBuildFile; fileRef = 06CA439FAE2FEEC3FB3FEF24 /* GameController.framework */; };
		A376442B9F1BDB6C822A471D /* CoreData.framework */ = {isa = PBXBuildFile; fileRef = A2CA4C82AAE550068A65990A /* CoreData.framework */; };
		A5B94F70AAC2468B7383AB6F /* PluginFacebook.framework */ = {isa = PBXBuildFile; fileRef = 9E5D4F43BB909951317FED9D /* PluginFacebook.framework */; };
		AF16486EB8757220999AAAD2 /* sdkbox_config.json */ = {isa = PBXBuildFile; fileRef = 1D6247BBB40DBAB21ED71898 /* sdkbox_config.json */; };
		B0564609A71028717290A170 /* PluginShare.framework */ = {isa = PBXBuildFile; fileRef = 558D4D62A7AE0799DA1A76B0 /* PluginShare.framework */; };
		B6834DE6AB4BEDD5C185090B /* Fabric.framework */ = {isa = PBXBuildFile; fileRef = 0E5442ED82EB7D555F84EBF6 /* Fabric.framework */; };
		BF171245129291EC00B8313A /* OpenGLES.framework */ = {isa = PBXBuildFile; fileRef = BF170DB012928DE900B8313A /* OpenGLES.framework */; };
		BF1712471292920000B8313A /* libz.dylib */ = {isa = PBXBuildFile; fileRef = BF170DB412928DE900B8313A /* libz.dylib */; };
		BF1C47F01293687400B63C5D /* QuartzCore.framework */ = {isa = PBXBuildFile; fileRef = BF1C47EA1293683800B63C5D /* QuartzCore.framework */; };
		C4714D3CBCF83472B7F07BE9 /* FBSDKLoginKit.framework */ = {isa = PBXBuildFile; fileRef = D3B64BA7BFB38E046CB8FF8E /* FBSDKLoginKit.framework */; };
		D44C620C132DFF330009C878 /* OpenAL.framework */ = {isa = PBXBuildFile; fileRef = D44C620B132DFF330009C878 /* OpenAL.framework */; };
		D44C620E132DFF430009C878 /* AVFoundation.framework */ = {isa = PBXBuildFile; fileRef = D44C620D132DFF430009C878 /* AVFoundation.framework */; };
		D44C6210132DFF4E0009C878 /* AudioToolbox.framework */ = {isa = PBXBuildFile; fileRef = D44C620F132DFF4E0009C878 /* AudioToolbox.framework */; };
		D6B0611B1803AB670077942B /* CoreMotion.framework */ = {isa = PBXBuildFile; fileRef = D6B0611A1803AB670077942B /* CoreMotion.framework */; };
		DEC646C1B0A7AC23E3E3E99C /* Localizable.strings */ = {isa = PBXBuildFile; fileRef = 0C984AB3AE93111154883970 /* Localizable.strings */; };
		ED545A7C1B68A1F400C3958E /* libiconv.dylib */ = {isa = PBXBuildFile; fileRef = ED545A7B1B68A1F400C3958E /* libiconv.dylib */; };
		EE5047078F1696DC0C75DFA8 /* TwitterKit.framework */ = {isa = PBXBuildFile; fileRef = FDFF4E9C924563BC223E0D93 /* TwitterKit.framework */; };
		F233420BA71E7F3CB6F3A1B6 /* sdkbox.framework */ = {isa = PBXBuildFile; fileRef = B4A64A00B5C6E60E62EE26DD /* sdkbox.framework */; };
		FE7C481F816FD539FDCC6FEA /* MediaPlayer.framework */ = {isa = PBXBuildFile; fileRef = AAB548C79B3B4A41A592542A /* MediaPlayer.framework */; };
/* End PBXBuildFile section */

/* Begin PBXFileReference section */
		013942F0A82B9199A38B7C3E /* ta */ = {isa = PBXFileReference; lastKnownFileType = text.plist.strings; name = ta; path = TwitterKit.framework/Resources/TwitterKitResources.bundle/ta.lproj/Localizable.strings; sourceTree = SOURCE_ROOT; };
		06CA439FAE2FEEC3FB3FEF24 /* GameController.framework */ = {isa = PBXFileReference; lastKnownFileType = wrapper.framework; name = GameController.framework; path = Platforms/iPhoneOS.platform/Developer/SDKs/iPhoneOS.sdk/System/Library/Frameworks/GameController.framework; sourceTree = DEVELOPER_DIR; };
		0A384490916F91CD41A3BB41 /* el */ = {isa = PBXFileReference; lastKnownFileType = text.plist.strings; name = el; path = TwitterKit.framework/Resources/TwitterKitResources.bundle/el.lproj/Localizable.strings; sourceTree = SOURCE_ROOT; };
		0E5442ED82EB7D555F84EBF6 /* Fabric.framework */ = {isa = PBXFileReference; lastKnownFileType = wrapper.framework; path = Fabric.framework; sourceTree = SOURCE_ROOT; };
		0F47429BAC2FA1424D46B2E0 /* de */ = {isa = PBXFileReference; lastKnownFileType = text.plist.strings; name = de; path = TwitterKit.framework/Resources/TwitterKitResources.bundle/de.lproj/Localizable.strings; sourceTree = SOURCE_ROOT; };
		10CF47B694092E1F77A5B076 /* sk */ = {isa = PBXFileReference; lastKnownFileType = text.plist.strings; name = sk; path = TwitterKit.framework/Resources/TwitterKitResources.bundle/sk.lproj/Localizable.strings; sourceTree = SOURCE_ROOT; };
		193A4F0DBD1E09E07ADDD65D /* FBSDKShareKit.framework */ = {isa = PBXFileReference; lastKnownFileType = wrapper.framework; path = FBSDKShareKit.framework; sourceTree = SOURCE_ROOT; };
		1ACB3243164770DE00914215 /* libcurl.a */ = {isa = PBXFileReference; lastKnownFileType = archive.ar; name = libcurl.a; path = ../../cocos2dx/platform/third_party/ios/libraries/libcurl.a; sourceTree = "<group>"; };
		1B0F4CAB87A0E140CCBBB14E /* fi */ = {isa = PBXFileReference; lastKnownFileType = text.plist.strings; name = fi; path = TwitterKit.framework/Resources/TwitterKitResources.bundle/fi.lproj/Localizable.strings; sourceTree = SOURCE_ROOT; };
		1BB94BA59207D5F7169D4892 /* bn */ = {isa = PBXFileReference; lastKnownFileType = text.plist.strings; name = bn; path = TwitterKit.framework/Resources/TwitterKitResources.bundle/bn.lproj/Localizable.strings; sourceTree = SOURCE_ROOT; };
		1D30AB110D05D00D00671497 /* Foundation.framework */ = {isa = PBXFileReference; lastKnownFileType = wrapper.framework; name = Foundation.framework; path = System/Library/Frameworks/Foundation.framework; sourceTree = SDKROOT; };
		1D6058910D05DD3D006BFB54 /* share_cpp-mobile.app */ = {isa = PBXFileReference; explicitFileType = wrapper.application; includeInIndex = 0; path = share_cpp-mobile.app; sourceTree = BUILT_PRODUCTS_DIR; };
		1D6247BBB40DBAB21ED71898 /* sdkbox_config.json */ = {isa = PBXFileReference; lastKnownFileType = text.json; name = sdkbox_config.json; path = ../Resources/sdkbox_config.json; sourceTree = SOURCE_ROOT; };
		1DF5F4DF0D08C38300B7A737 /* UIKit.framework */ = {isa = PBXFileReference; lastKnownFileType = wrapper.framework; name = UIKit.framework; path = System/Library/Frameworks/UIKit.framework; sourceTree = SDKROOT; };
		225F43B5833081E5011F392C /* en */ = {isa = PBXFileReference; lastKnownFileType = text.plist.strings; name = en; path = TwitterKit.framework/Resources/TwitterKitResources.bundle/en.lproj/Localizable.strings; sourceTree = SOURCE_ROOT; };
		24C24CB4B5BCFEDC51065196 /* cs */ = {isa = PBXFileReference; lastKnownFileType = text.plist.strings; name = cs; path = TwitterKit.framework/Resources/TwitterKitResources.bundle/cs.lproj/Localizable.strings; sourceTree = SOURCE_ROOT; };
		27624967B3323FE10751775D /* Accounts.framework */ = {isa = PBXFileReference; lastKnownFileType = wrapper.framework; name = Accounts.framework; path = Platforms/iPhoneOS.platform/Developer/SDKs/iPhoneOS.sdk/System/Library/Frameworks/Accounts.framework; sourceTree = DEVELOPER_DIR; };
		288765A40DF7441C002DB57D /* CoreGraphics.framework */ = {isa = PBXFileReference; lastKnownFileType = wrapper.framework; name = CoreGraphics.framework; path = System/Library/Frameworks/CoreGraphics.framework; sourceTree = SDKROOT; };
		28904EEB9081FD2E445E172C /* TwitterCore.framework */ = {isa = PBXFileReference; lastKnownFileType = wrapper.framework; path = TwitterCore.framework; sourceTree = SOURCE_ROOT; };
		2A704F9CBB53E79BD8ACD4DF /* th */ = {isa = PBXFileReference; lastKnownFileType = text.plist.strings; name = th; path = TwitterKit.framework/Resources/TwitterKitResources.bundle/th.lproj/Localizable.strings; sourceTree = SOURCE_ROOT; };
		2D164AE69128AEAC5FE9BD6E /* CoreText.framework */ = {isa = PBXFileReference; lastKnownFileType = wrapper.framework; name = CoreText.framework; path = Platforms/iPhoneOS.platform/Developer/SDKs/iPhoneOS.sdk/System/Library/Frameworks/CoreText.framework; sourceTree = DEVELOPER_DIR; };
		2E01418BB0920896CC11C601 /* sv */ = {isa = PBXFileReference; lastKnownFileType = text.plist.strings; name = sv; path = TwitterKit.framework/Resources/TwitterKitResources.bundle/sv.lproj/Localizable.strings; sourceTree = SOURCE_ROOT; };
		33324E3595C202E8A9916825 /* zh-Hant */ = {isa = PBXFileReference; lastKnownFileType = text.plist.strings; name = zh-Hant; path = TwitterKit.framework/Resources/TwitterKitResources.bundle/zh-Hant.lproj/Localizable.strings; sourceTree = SOURCE_ROOT; };
		46880B8419C43A87006E1F66 /* AppDelegate.cpp */ = {isa = PBXFileReference; fileEncoding = 4; lastKnownFileType = sourcecode.cpp.cpp; path = AppDelegate.cpp; sourceTree = "<group>"; };
		46880B8519C43A87006E1F66 /* AppDelegate.h */ = {isa = PBXFileReference; fileEncoding = 4; lastKnownFileType = sourcecode.c.h; path = AppDelegate.h; sourceTree = "<group>"; };
		46880B8619C43A87006E1F66 /* HelloWorldScene.cpp */ = {isa = PBXFileReference; fileEncoding = 4; lastKnownFileType = sourcecode.cpp.cpp; path = HelloWorldScene.cpp; sourceTree = "<group>"; };
		46880B8719C43A87006E1F66 /* HelloWorldScene.h */ = {isa = PBXFileReference; fileEncoding = 4; lastKnownFileType = sourcecode.c.h; path = HelloWorldScene.h; sourceTree = "<group>"; };
		483A4938B3500ABBF57835CF /* en-gb */ = {isa = PBXFileReference; lastKnownFileType = text.plist.strings; name = en-gb; path = TwitterKit.framework/Resources/TwitterKitResources.bundle/en-gb.lproj/Localizable.strings; sourceTree = SOURCE_ROOT; };
		4B17440991F25E04DE44C7D1 /* es */ = {isa = PBXFileReference; lastKnownFileType = text.plist.strings; name = es; path = TwitterKit.framework/Resources/TwitterKitResources.bundle/es.lproj/Localizable.strings; sourceTree = SOURCE_ROOT; };
		503AE0FA17EB989F00D1A890 /* AppController.h */ = {isa = PBXFileReference; fileEncoding = 4; lastKnownFileType = sourcecode.c.h; name = AppController.h; path = ios/AppController.h; sourceTree = SOURCE_ROOT; };
		503AE0FB17EB989F00D1A890 /* AppController.mm */ = {isa = PBXFileReference; fileEncoding = 4; lastKnownFileType = sourcecode.cpp.objcpp; name = AppController.mm; path = ios/AppController.mm; sourceTree = SOURCE_ROOT; };
		503AE0FC17EB989F00D1A890 /* main.m */ = {isa = PBXFileReference; fileEncoding = 4; lastKnownFileType = sourcecode.c.objc; name = main.m; path = ios/main.m; sourceTree = SOURCE_ROOT; };
		503AE0FD17EB989F00D1A890 /* Prefix.pch */ = {isa = PBXFileReference; fileEncoding = 4; lastKnownFileType = sourcecode.c.h; name = Prefix.pch; path = ios/Prefix.pch; sourceTree = SOURCE_ROOT; };
		503AE0FE17EB989F00D1A890 /* RootViewController.h */ = {isa = PBXFileReference; fileEncoding = 4; lastKnownFileType = sourcecode.c.h; name = RootViewController.h; path = ios/RootViewController.h; sourceTree = SOURCE_ROOT; };
		503AE0FF17EB989F00D1A890 /* RootViewController.mm */ = {isa = PBXFileReference; fileEncoding = 4; lastKnownFileType = sourcecode.cpp.objcpp; name = RootViewController.mm; path = ios/RootViewController.mm; sourceTree = SOURCE_ROOT; };
		503AE11117EB99EE00D1A890 /* libcurl.dylib */ = {isa = PBXFileReference; lastKnownFileType = compiled.mach-o.dylib; name = libcurl.dylib; path = usr/lib/libcurl.dylib; sourceTree = SDKROOT; };
		503AE11A17EB9C5A00D1A890 /* IOKit.framework */ = {isa = PBXFileReference; lastKnownFileType = wrapper.framework; name = IOKit.framework; path = System/Library/Frameworks/IOKit.framework; sourceTree = SDKROOT; };
		5087E77217EB970100C73F5D /* Default-568h@2x.png */ = {isa = PBXFileReference; lastKnownFileType = image.png; path = "Default-568h@2x.png"; sourceTree = "<group>"; };
		5087E77317EB970100C73F5D /* Default.png */ = {isa = PBXFileReference; lastKnownFileType = image.png; path = Default.png; sourceTree = "<group>"; };
		5087E77417EB970100C73F5D /* Default@2x.png */ = {isa = PBXFileReference; lastKnownFileType = image.png; path = "Default@2x.png"; sourceTree = "<group>"; };
		5087E77517EB970100C73F5D /* Icon-114.png */ = {isa = PBXFileReference; lastKnownFileType = image.png; path = Icon-114.png; sourceTree = "<group>"; };
		5087E77617EB970100C73F5D /* Icon-120.png */ = {isa = PBXFileReference; lastKnownFileType = image.png; path = Icon-120.png; sourceTree = "<group>"; };
		5087E77717EB970100C73F5D /* Icon-144.png */ = {isa = PBXFileReference; lastKnownFileType = image.png; path = Icon-144.png; sourceTree = "<group>"; };
		5087E77817EB970100C73F5D /* Icon-152.png */ = {isa = PBXFileReference; lastKnownFileType = image.png; path = Icon-152.png; sourceTree = "<group>"; };
		5087E77917EB970100C73F5D /* Icon-57.png */ = {isa = PBXFileReference; lastKnownFileType = image.png; path = Icon-57.png; sourceTree = "<group>"; };
		5087E77A17EB970100C73F5D /* Icon-72.png */ = {isa = PBXFileReference; lastKnownFileType = image.png; path = Icon-72.png; sourceTree = "<group>"; };
		5087E77B17EB970100C73F5D /* Icon-76.png */ = {isa = PBXFileReference; lastKnownFileType = image.png; path = Icon-76.png; sourceTree = "<group>"; };
		5087E77C17EB970100C73F5D /* Info.plist */ = {isa = PBXFileReference; fileEncoding = 4; lastKnownFileType = text.plist.xml; path = Info.plist; sourceTree = "<group>"; };
		5087E78817EB974C00C73F5D /* AppKit.framework */ = {isa = PBXFileReference; lastKnownFileType = wrapper.framework; name = AppKit.framework; path = System/Library/Frameworks/AppKit.framework; sourceTree = SDKROOT; };
		5087E78A17EB975400C73F5D /* OpenGL.framework */ = {isa = PBXFileReference; lastKnownFileType = wrapper.framework; name = OpenGL.framework; path = System/Library/Frameworks/OpenGL.framework; sourceTree = SDKROOT; };
		50EF629217ECD46A001EB2F8 /* Icon-40.png */ = {isa = PBXFileReference; lastKnownFileType = image.png; path = Icon-40.png; sourceTree = "<group>"; };
		50EF629317ECD46A001EB2F8 /* Icon-58.png */ = {isa = PBXFileReference; lastKnownFileType = image.png; path = Icon-58.png; sourceTree = "<group>"; };
		50EF629417ECD46A001EB2F8 /* Icon-80.png */ = {isa = PBXFileReference; lastKnownFileType = image.png; path = Icon-80.png; sourceTree = "<group>"; };
		50EF629517ECD46A001EB2F8 /* Icon-100.png */ = {isa = PBXFileReference; lastKnownFileType = image.png; path = Icon-100.png; sourceTree = "<group>"; };
		50EF62A017ECD613001EB2F8 /* Icon-29.png */ = {isa = PBXFileReference; lastKnownFileType = image.png; path = Icon-29.png; sourceTree = "<group>"; };
		50EF62A117ECD613001EB2F8 /* Icon-50.png */ = {isa = PBXFileReference; lastKnownFileType = image.png; path = Icon-50.png; sourceTree = "<group>"; };
		521A8E6219F0C34300D177D7 /* Default-667h@2x.png */ = {isa = PBXFileReference; lastKnownFileType = image.png; path = "Default-667h@2x.png"; sourceTree = "<group>"; };
		521A8E6319F0C34300D177D7 /* Default-736h@3x.png */ = {isa = PBXFileReference; lastKnownFileType = image.png; path = "Default-736h@3x.png"; sourceTree = "<group>"; };
		52B47A461A53D09B004E4C60 /* Security.framework */ = {isa = PBXFileReference; lastKnownFileType = wrapper.framework; name = Security.framework; path = Platforms/iPhoneOS.platform/Developer/SDKs/iPhoneOS8.1.sdk/System/Library/Frameworks/Security.framework; sourceTree = DEVELOPER_DIR; };
		53B84A85AF721E8AEE1A91AB /* ms */ = {isa = PBXFileReference; lastKnownFileType = text.plist.strings; name = ms; path = TwitterKit.framework/Resources/TwitterKitResources.bundle/ms.lproj/Localizable.strings; sourceTree = SOURCE_ROOT; };
		558D4D62A7AE0799DA1A76B0 /* PluginShare.framework */ = {isa = PBXFileReference; lastKnownFileType = wrapper.framework; path = PluginShare.framework; sourceTree = SOURCE_ROOT; };
		68694D84ADA330022FF88CFF /* nl */ = {isa = PBXFileReference; lastKnownFileType = text.plist.strings; name = nl; path = TwitterKit.framework/Resources/TwitterKitResources.bundle/nl.lproj/Localizable.strings; sourceTree = SOURCE_ROOT; };
		6BF841A39519CFE76D00B4DE /* ar */ = {isa = PBXFileReference; lastKnownFileType = "?"; name = ar; path = TwitterKit.framework/Resources/TwitterKitResources.bundle/ar.lproj/Localizable.strings; sourceTree = SOURCE_ROOT; };
		6F584B52B496719A5A86CFCC /* TwitterKit.framework/Resources/TwitterKitResources.bundle/ */ = {isa = PBXFileReference; lastKnownFileType = "?"; path = TwitterKit.framework/Resources/TwitterKitResources.bundle/; sourceTree = SOURCE_ROOT; };
		7059460CB8DCFCB541147FA7 /* ur */ = {isa = PBXFileReference; lastKnownFileType = text.plist.strings; name = ur; path = TwitterKit.framework/Resources/TwitterKitResources.bundle/ur.lproj/Localizable.strings; sourceTree = SOURCE_ROOT; };
		722949B2A10AC6FDC6ED89FB /* fa */ = {isa = PBXFileReference; lastKnownFileType = text.plist.strings; name = fa; path = TwitterKit.framework/Resources/TwitterKitResources.bundle/fa.lproj/Localizable.strings; sourceTree = SOURCE_ROOT; };
		8262943D1AAF051F00CB7CF7 /* Security.framework */ = {isa = PBXFileReference; lastKnownFileType = wrapper.framework; name = Security.framework; path = System/Library/Frameworks/Security.framework; sourceTree = SDKROOT; };
		826D4D68864BE8F73A7CC10E /* tr */ = {isa = PBXFileReference; lastKnownFileType = text.plist.strings; name = tr; path = TwitterKit.framework/Resources/TwitterKitResources.bundle/tr.lproj/Localizable.strings; sourceTree = SOURCE_ROOT; };
		847C4737BB87694BD4544EE6 /* res */ = {isa = PBXFileReference; lastKnownFileType = "?"; name = res; path = ../Resources/res; sourceTree = "<group>"; };
		96A84751AA33CCD0D1EBFFB2 /* ja */ = {isa = PBXFileReference; lastKnownFileType = text.plist.strings; name = ja; path = TwitterKit.framework/Resources/TwitterKitResources.bundle/ja.lproj/Localizable.strings; sourceTree = SOURCE_ROOT; };
		984A4A5FB42AD28E830A7449 /* hr */ = {isa = PBXFileReference; lastKnownFileType = text.plist.strings; name = hr; path = TwitterKit.framework/Resources/TwitterKitResources.bundle/hr.lproj/Localizable.strings; sourceTree = SOURCE_ROOT; };
		9A3343001CE0678D008319E4 /* MessageUI.framework */ = {isa = PBXFileReference; lastKnownFileType = wrapper.framework; name = MessageUI.framework; path = Platforms/iPhoneOS.platform/Developer/SDKs/iPhoneOS9.3.sdk/System/Library/Frameworks/MessageUI.framework; sourceTree = DEVELOPER_DIR; };
		9D4D41B5AE95C5C50BFE28EF /* FBSDKCoreKit.framework */ = {isa = PBXFileReference; lastKnownFileType = wrapper.framework; path = FBSDKCoreKit.framework; sourceTree = SOURCE_ROOT; };
		9E5D4F43BB909951317FED9D /* PluginFacebook.framework */ = {isa = PBXFileReference; lastKnownFileType = wrapper.framework; path = PluginFacebook.framework; sourceTree = SOURCE_ROOT; };
		9F4643208A217D42C88CEC12 /* ru */ = {isa = PBXFileReference; lastKnownFileType = text.plist.strings; name = ru; path = TwitterKit.framework/Resources/TwitterKitResources.bundle/ru.lproj/Localizable.strings; sourceTree = SOURCE_ROOT; };
		A1BB4266BB883947472097F8 /* ko */ = {isa = PBXFileReference; lastKnownFileType = text.plist.strings; name = ko; path = TwitterKit.framework/Resources/TwitterKitResources.bundle/ko.lproj/Localizable.strings; sourceTree = SOURCE_ROOT; };
		A271438B89CC8C7B7B7DD808 /* bg */ = {isa = PBXFileReference; lastKnownFileType = text.plist.strings; name = bg; path = TwitterKit.framework/Resources/TwitterKitResources.bundle/bg.lproj/Localizable.strings; sourceTree = SOURCE_ROOT; };
		A2CA4C82AAE550068A65990A /* CoreData.framework */ = {isa = PBXFileReference; lastKnownFileType = wrapper.framework; name = CoreData.framework; path = Platforms/iPhoneOS.platform/Developer/SDKs/iPhoneOS.sdk/System/Library/Frameworks/CoreData.framework; sourceTree = DEVELOPER_DIR; };
		A4294DF8A916C5EC2C5169EF /* hi */ = {isa = PBXFileReference; lastKnownFileType = text.plist.strings; name = hi; path = TwitterKit.framework/Resources/TwitterKitResources.bundle/hi.lproj/Localizable.strings; sourceTree = SOURCE_ROOT; };
		A7704B67B0BE3DA76C28C5CD /* gu */ = {isa = PBXFileReference; lastKnownFileType = text.plist.strings; name = gu; path = TwitterKit.framework/Resources/TwitterKitResources.bundle/gu.lproj/Localizable.strings; sourceTree = SOURCE_ROOT; };
		A9EF475C897288CDBB1C1881 /* AdSupport.framework */ = {isa = PBXFileReference; lastKnownFileType = wrapper.framework; name = AdSupport.framework; path = Platforms/iPhoneOS.platform/Developer/SDKs/iPhoneOS.sdk/System/Library/Frameworks/AdSupport.framework; sourceTree = DEVELOPER_DIR; };
		AAB548C79B3B4A41A592542A /* MediaPlayer.framework */ = {isa = PBXFileReference; lastKnownFileType = wrapper.framework; name = MediaPlayer.framework; path = Platforms/iPhoneOS.platform/Developer/SDKs/iPhoneOS.sdk/System/Library/Frameworks/MediaPlayer.framework; sourceTree = DEVELOPER_DIR; };
		B4A64A00B5C6E60E62EE26DD /* sdkbox.framework */ = {isa = PBXFileReference; lastKnownFileType = wrapper.framework; path = sdkbox.framework; sourceTree = SOURCE_ROOT; };
		BF170DB012928DE900B8313A /* OpenGLES.framework */ = {isa = PBXFileReference; lastKnownFileType = wrapper.framework; name = OpenGLES.framework; path = System/Library/Frameworks/OpenGLES.framework; sourceTree = SDKROOT; };
		BF170DB412928DE900B8313A /* libz.dylib */ = {isa = PBXFileReference; lastKnownFileType = compiled.mach-o.dylib; name = libz.dylib; path = usr/lib/libz.dylib; sourceTree = SDKROOT; };
		BF1C47EA1293683800B63C5D /* QuartzCore.framework */ = {isa = PBXFileReference; lastKnownFileType = wrapper.framework; name = QuartzCore.framework; path = System/Library/Frameworks/QuartzCore.framework; sourceTree = SDKROOT; };
		C16245358557572609B9EA5C /* pl */ = {isa = PBXFileReference; lastKnownFileType = text.plist.strings; name = pl; path = TwitterKit.framework/Resources/TwitterKitResources.bundle/pl.lproj/Localizable.strings; sourceTree = SOURCE_ROOT; };
		C1694D0183CF0B820B544264 /* zh-Hans */ = {isa = PBXFileReference; lastKnownFileType = text.plist.strings; name = zh-Hans; path = TwitterKit.framework/Resources/TwitterKitResources.bundle/zh-Hans.lproj/Localizable.strings; sourceTree = SOURCE_ROOT; };
		C35D44DEA66BAC07C76F5C16 /* Social.framework */ = {isa = PBXFileReference; lastKnownFileType = wrapper.framework; name = Social.framework; path = Platforms/iPhoneOS.platform/Developer/SDKs/iPhoneOS.sdk/System/Library/Frameworks/Social.framework; sourceTree = DEVELOPER_DIR; };
		C9B04EA699337B07F20B83C3 /* nb */ = {isa = PBXFileReference; lastKnownFileType = text.plist.strings; name = nb; path = TwitterKit.framework/Resources/TwitterKitResources.bundle/nb.lproj/Localizable.strings; sourceTree = SOURCE_ROOT; };
		CEE6411DAB938618DFCA47E2 /* it */ = {isa = PBXFileReference; lastKnownFileType = text.plist.strings; name = it; path = TwitterKit.framework/Resources/TwitterKitResources.bundle/it.lproj/Localizable.strings; sourceTree = SOURCE_ROOT; };
		CF0B423893300CB07FFD3F60 /* mr */ = {isa = PBXFileReference; lastKnownFileType = text.plist.strings; name = mr; path = TwitterKit.framework/Resources/TwitterKitResources.bundle/mr.lproj/Localizable.strings; sourceTree = SOURCE_ROOT; };
		CFDA4805A43F5A8CD0999FDC /* tl */ = {isa = PBXFileReference; lastKnownFileType = text.plist.strings; name = tl; path = TwitterKit.framework/Resources/TwitterKitResources.bundle/tl.lproj/Localizable.strings; sourceTree = SOURCE_ROOT; };
		D1EE4BE98DCFBA8F1AA875B5 /* fr */ = {isa = PBXFileReference; lastKnownFileType = text.plist.strings; name = fr; path = TwitterKit.framework/Resources/TwitterKitResources.bundle/fr.lproj/Localizable.strings; sourceTree = SOURCE_ROOT; };
		D3B64BA7BFB38E046CB8FF8E /* FBSDKLoginKit.framework */ = {isa = PBXFileReference; lastKnownFileType = wrapper.framework; path = FBSDKLoginKit.framework; sourceTree = SOURCE_ROOT; };
		D44C620B132DFF330009C878 /* OpenAL.framework */ = {isa = PBXFileReference; lastKnownFileType = wrapper.framework; name = OpenAL.framework; path = System/Library/Frameworks/OpenAL.framework; sourceTree = SDKROOT; };
		D44C620D132DFF430009C878 /* AVFoundation.framework */ = {isa = PBXFileReference; lastKnownFileType = wrapper.framework; name = AVFoundation.framework; path = System/Library/Frameworks/AVFoundation.framework; sourceTree = SDKROOT; };
		D44C620F132DFF4E0009C878 /* AudioToolbox.framework */ = {isa = PBXFileReference; lastKnownFileType = wrapper.framework; name = AudioToolbox.framework; path = System/Library/Frameworks/AudioToolbox.framework; sourceTree = SDKROOT; };
		D6B0611A1803AB670077942B /* CoreMotion.framework */ = {isa = PBXFileReference; lastKnownFileType = wrapper.framework; name = CoreMotion.framework; path = Platforms/iPhoneOS.platform/Developer/SDKs/iPhoneOS7.0.sdk/System/Library/Frameworks/CoreMotion.framework; sourceTree = DEVELOPER_DIR; };
		D9164EBE8A44A889E8B652A3 /* sr */ = {isa = PBXFileReference; lastKnownFileType = text.plist.strings; name = sr; path = TwitterKit.framework/Resources/TwitterKitResources.bundle/sr.lproj/Localizable.strings; sourceTree = SOURCE_ROOT; };
		DCA84C298BF6D512B244C485 /* CoreMedia.framework */ = {isa = PBXFileReference; lastKnownFileType = wrapper.framework; name = CoreMedia.framework; path = Platforms/iPhoneOS.platform/Developer/SDKs/iPhoneOS.sdk/System/Library/Frameworks/CoreMedia.framework; sourceTree = DEVELOPER_DIR; };
		DE134B0083E392EB16E1A8C3 /* ro */ = {isa = PBXFileReference; lastKnownFileType = text.plist.strings; name = ro; path = TwitterKit.framework/Resources/TwitterKitResources.bundle/ro.lproj/Localizable.strings; sourceTree = SOURCE_ROOT; };
		E0FC448592BFBB0B27702960 /* uk */ = {isa = PBXFileReference; lastKnownFileType = text.plist.strings; name = uk; path = TwitterKit.framework/Resources/TwitterKitResources.bundle/uk.lproj/Localizable.strings; sourceTree = SOURCE_ROOT; };
		E52E412988434AD258DE830F /* hu */ = {isa = PBXFileReference; lastKnownFileType = text.plist.strings; name = hu; path = TwitterKit.framework/Resources/TwitterKitResources.bundle/hu.lproj/Localizable.strings; sourceTree = SOURCE_ROOT; };
		EBDA48C391B4B261D47C438B /* da */ = {isa = PBXFileReference; lastKnownFileType = text.plist.strings; name = da; path = TwitterKit.framework/Resources/TwitterKitResources.bundle/da.lproj/Localizable.strings; sourceTree = SOURCE_ROOT; };
		EC054D038170C9031CB136DE /* libcocos2d iOS.a */ = {isa = PBXFileReference; lastKnownFileType = archive.ar; name = "libcocos2d iOS.a"; path = "$(SRCROOT)/../../../sdkbox-cocos2d-x-binary/prebuilt/ios/libcocos2d iOS.a"; sourceTree = "<absolute>"; };
		EC7249DC83A6704EDAF9FBE0 /* kn */ = {isa = PBXFileReference; lastKnownFileType = text.plist.strings; name = kn; path = TwitterKit.framework/Resources/TwitterKitResources.bundle/kn.lproj/Localizable.strings; sourceTree = SOURCE_ROOT; };
		ED545A7B1B68A1F400C3958E /* libiconv.dylib */ = {isa = PBXFileReference; lastKnownFileType = compiled.mach-o.dylib; name = libiconv.dylib; path = Platforms/iPhoneOS.platform/Developer/SDKs/iPhoneOS8.4.sdk/usr/lib/libiconv.dylib; sourceTree = DEVELOPER_DIR; };
		ED545A7D1B68A1FA00C3958E /* libiconv.dylib */ = {isa = PBXFileReference; lastKnownFileType = compiled.mach-o.dylib; name = libiconv.dylib; path = usr/lib/libiconv.dylib; sourceTree = SDKROOT; };
		F3344EC880E0635865729298 /* SystemConfiguration.framework */ = {isa = PBXFileReference; lastKnownFileType = wrapper.framework; name = SystemConfiguration.framework; path = Platforms/iPhoneOS.platform/Developer/SDKs/iPhoneOS.sdk/System/Library/Frameworks/SystemConfiguration.framework; sourceTree = DEVELOPER_DIR; };
		F33A4B648A576436B9F7CC99 /* pt */ = {isa = PBXFileReference; lastKnownFileType = text.plist.strings; name = pt; path = TwitterKit.framework/Resources/TwitterKitResources.bundle/pt.lproj/Localizable.strings; sourceTree = SOURCE_ROOT; };
		F38944CBBD45DFF0CA8CC3E6 /* vi */ = {isa = PBXFileReference; lastKnownFileType = text.plist.strings; name = vi; path = TwitterKit.framework/Resources/TwitterKitResources.bundle/vi.lproj/Localizable.strings; sourceTree = SOURCE_ROOT; };
		FDFF4E9C924563BC223E0D93 /* TwitterKit.framework */ = {isa = PBXFileReference; lastKnownFileType = wrapper.framework; path = TwitterKit.framework; sourceTree = SOURCE_ROOT; };
		FF164AD6900D9BF1C057DA28 /* id */ = {isa = PBXFileReference; lastKnownFileType = text.plist.strings; name = id; path = TwitterKit.framework/Resources/TwitterKitResources.bundle/id.lproj/Localizable.strings; sourceTree = SOURCE_ROOT; };
		FFDA4E46BD8C5D90CA7D62D6 /* he */ = {isa = PBXFileReference; lastKnownFileType = text.plist.strings; name = he; path = TwitterKit.framework/Resources/TwitterKitResources.bundle/he.lproj/Localizable.strings; sourceTree = SOURCE_ROOT; };
/* End PBXFileReference section */

/* Begin PBXFrameworksBuildPhase section */
		1D60588F0D05DD3D006BFB54 /* Frameworks */ = {
			isa = PBXFrameworksBuildPhase;
			buildActionMask = 2147483647;
			files = (
				9A3343011CE0678D008319E4 /* MessageUI.framework */,
				ED545A7C1B68A1F400C3958E /* libiconv.dylib */,
				52B47A471A53D09C004E4C60 /* Security.framework */,
				D6B0611B1803AB670077942B /* CoreMotion.framework */,
				1D60589F0D05DD5A006BFB54 /* Foundation.framework */,
				1DF5F4E00D08C38300B7A737 /* UIKit.framework */,
				288765A50DF7441C002DB57D /* CoreGraphics.framework */,
				BF171245129291EC00B8313A /* OpenGLES.framework */,
				BF1712471292920000B8313A /* libz.dylib */,
				BF1C47F01293687400B63C5D /* QuartzCore.framework */,
				D44C620C132DFF330009C878 /* OpenAL.framework */,
				D44C620E132DFF430009C878 /* AVFoundation.framework */,
				D44C6210132DFF4E0009C878 /* AudioToolbox.framework */,
				4AF24228B721699D68B0EB58 /* libcocos2d iOS.a */,
				F233420BA71E7F3CB6F3A1B6 /* sdkbox.framework */,
				B0564609A71028717290A170 /* PluginShare.framework */,
				B6834DE6AB4BEDD5C185090B /* Fabric.framework */,
				6C394EB3B00D822E5BFFA8B3 /* TwitterCore.framework */,
				EE5047078F1696DC0C75DFA8 /* TwitterKit.framework */,
				24074420AA8B83F86F12FB14 /* Accounts.framework */,
				38D54003BDA40DDC270C9277 /* CoreText.framework */,
				58DA446F92EA4B93ED466B34 /* CoreMedia.framework */,
				A376442B9F1BDB6C822A471D /* CoreData.framework */,
				11DB4E6988F3E121172188A8 /* Social.framework */,
				A2104A828B9AF312C477DDA0 /* GameController.framework */,
				682A4B909F29A077F40E6CBA /* SystemConfiguration.framework */,
				FE7C481F816FD539FDCC6FEA /* MediaPlayer.framework */,
				A5B94F70AAC2468B7383AB6F /* PluginFacebook.framework */,
				61D240C7AC530AB667511B41 /* FBSDKCoreKit.framework */,
				C4714D3CBCF83472B7F07BE9 /* FBSDKLoginKit.framework */,
				5DC34E0DB7A8C7CD9AAA7AC4 /* FBSDKShareKit.framework */,
				895744A794873B2E0E55E277 /* AdSupport.framework */,
			);
			runOnlyForDeploymentPostprocessing = 0;
		};
/* End PBXFrameworksBuildPhase section */

/* Begin PBXGroup section */
		080E96DDFE201D6D7F000001 /* ios */ = {
			isa = PBXGroup;
			children = (
				5087E77117EB970100C73F5D /* Icons */,
				503AE0FA17EB989F00D1A890 /* AppController.h */,
				503AE0FB17EB989F00D1A890 /* AppController.mm */,
				503AE0FC17EB989F00D1A890 /* main.m */,
				503AE0FD17EB989F00D1A890 /* Prefix.pch */,
				503AE0FE17EB989F00D1A890 /* RootViewController.h */,
				503AE0FF17EB989F00D1A890 /* RootViewController.mm */,
			);
			name = ios;
			path = Classes;
			sourceTree = "<group>";
		};
		19C28FACFE9D520D11CA2CBB /* Products */ = {
			isa = PBXGroup;
			children = (
				1D6058910D05DD3D006BFB54 /* share_cpp-mobile.app */,
			);
			name = Products;
			sourceTree = "<group>";
		};
		29B97314FDCFA39411CA2CEA /* CustomTemplate */ = {
			isa = PBXGroup;
			children = (
				46880B8319C43A87006E1F66 /* Classes */,
				46880B7519C43A67006E1F66 /* Resources */,
				29B97323FDCFA39411CA2CEA /* Frameworks */,
				080E96DDFE201D6D7F000001 /* ios */,
				19C28FACFE9D520D11CA2CBB /* Products */,
				E80348B69CC7DAF3B1F3310F /* ios-libs */,
				6F584B52B496719A5A86CFCC /* TwitterKit.framework/Resources/TwitterKitResources.bundle/ */,
				0C984AB3AE93111154883970 /* Localizable.strings */,
			);
			name = CustomTemplate;
			sourceTree = "<group>";
		};
		29B97323FDCFA39411CA2CEA /* Frameworks */ = {
			isa = PBXGroup;
			children = (
				9A3343001CE0678D008319E4 /* MessageUI.framework */,
				ED545A7D1B68A1FA00C3958E /* libiconv.dylib */,
				ED545A7B1B68A1F400C3958E /* libiconv.dylib */,
				8262943D1AAF051F00CB7CF7 /* Security.framework */,
				52B47A461A53D09B004E4C60 /* Security.framework */,
				D6B0611A1803AB670077942B /* CoreMotion.framework */,
				503AE11A17EB9C5A00D1A890 /* IOKit.framework */,
				503AE11117EB99EE00D1A890 /* libcurl.dylib */,
				5087E78A17EB975400C73F5D /* OpenGL.framework */,
				5087E78817EB974C00C73F5D /* AppKit.framework */,
				1ACB3243164770DE00914215 /* libcurl.a */,
				BF170DB412928DE900B8313A /* libz.dylib */,
				D44C620F132DFF4E0009C878 /* AudioToolbox.framework */,
				D44C620D132DFF430009C878 /* AVFoundation.framework */,
				288765A40DF7441C002DB57D /* CoreGraphics.framework */,
				1D30AB110D05D00D00671497 /* Foundation.framework */,
				D44C620B132DFF330009C878 /* OpenAL.framework */,
				BF170DB012928DE900B8313A /* OpenGLES.framework */,
				BF1C47EA1293683800B63C5D /* QuartzCore.framework */,
				1DF5F4DF0D08C38300B7A737 /* UIKit.framework */,
				B4A64A00B5C6E60E62EE26DD /* sdkbox.framework */,
				558D4D62A7AE0799DA1A76B0 /* PluginShare.framework */,
				0E5442ED82EB7D555F84EBF6 /* Fabric.framework */,
				28904EEB9081FD2E445E172C /* TwitterCore.framework */,
				FDFF4E9C924563BC223E0D93 /* TwitterKit.framework */,
				27624967B3323FE10751775D /* Accounts.framework */,
				2D164AE69128AEAC5FE9BD6E /* CoreText.framework */,
				DCA84C298BF6D512B244C485 /* CoreMedia.framework */,
				A2CA4C82AAE550068A65990A /* CoreData.framework */,
				C35D44DEA66BAC07C76F5C16 /* Social.framework */,
				06CA439FAE2FEEC3FB3FEF24 /* GameController.framework */,
				F3344EC880E0635865729298 /* SystemConfiguration.framework */,
				AAB548C79B3B4A41A592542A /* MediaPlayer.framework */,
				9E5D4F43BB909951317FED9D /* PluginFacebook.framework */,
				9D4D41B5AE95C5C50BFE28EF /* FBSDKCoreKit.framework */,
				D3B64BA7BFB38E046CB8FF8E /* FBSDKLoginKit.framework */,
				193A4F0DBD1E09E07ADDD65D /* FBSDKShareKit.framework */,
				A9EF475C897288CDBB1C1881 /* AdSupport.framework */,
			);
			name = Frameworks;
			sourceTree = "<group>";
		};
		46880B7519C43A67006E1F66 /* Resources */ = {
			isa = PBXGroup;
			children = (
				847C4737BB87694BD4544EE6 /* res */,
				1D6247BBB40DBAB21ED71898 /* sdkbox_config.json */,
			);
			name = Resources;
			path = ../Resources;
			sourceTree = "<group>";
		};
		46880B8319C43A87006E1F66 /* Classes */ = {
			isa = PBXGroup;
			children = (
				46880B8419C43A87006E1F66 /* AppDelegate.cpp */,
				46880B8519C43A87006E1F66 /* AppDelegate.h */,
				46880B8619C43A87006E1F66 /* HelloWorldScene.cpp */,
				46880B8719C43A87006E1F66 /* HelloWorldScene.h */,
			);
			name = Classes;
			path = ../Classes;
			sourceTree = "<group>";
		};
		5087E77117EB970100C73F5D /* Icons */ = {
			isa = PBXGroup;
			children = (
				521A8E6219F0C34300D177D7 /* Default-667h@2x.png */,
				521A8E6319F0C34300D177D7 /* Default-736h@3x.png */,
				5087E77217EB970100C73F5D /* Default-568h@2x.png */,
				5087E77317EB970100C73F5D /* Default.png */,
				5087E77417EB970100C73F5D /* Default@2x.png */,
				50EF62A017ECD613001EB2F8 /* Icon-29.png */,
				50EF62A117ECD613001EB2F8 /* Icon-50.png */,
				50EF629217ECD46A001EB2F8 /* Icon-40.png */,
				50EF629317ECD46A001EB2F8 /* Icon-58.png */,
				50EF629417ECD46A001EB2F8 /* Icon-80.png */,
				50EF629517ECD46A001EB2F8 /* Icon-100.png */,
				5087E77517EB970100C73F5D /* Icon-114.png */,
				5087E77617EB970100C73F5D /* Icon-120.png */,
				5087E77717EB970100C73F5D /* Icon-144.png */,
				5087E77817EB970100C73F5D /* Icon-152.png */,
				5087E77917EB970100C73F5D /* Icon-57.png */,
				5087E77A17EB970100C73F5D /* Icon-72.png */,
				5087E77B17EB970100C73F5D /* Icon-76.png */,
				5087E77C17EB970100C73F5D /* Info.plist */,
			);
			name = Icons;
			path = ios;
			sourceTree = SOURCE_ROOT;
		};
		E80348B69CC7DAF3B1F3310F /* ios-libs */ = {
			isa = PBXGroup;
			children = (
				EC054D038170C9031CB136DE /* libcocos2d iOS.a */,
			);
			name = ios-libs;
			sourceTree = "<group>";
		};
/* End PBXGroup section */

/* Begin PBXNativeTarget section */
		1D6058900D05DD3D006BFB54 /* share_cpp-mobile */ = {
			isa = PBXNativeTarget;
			buildConfigurationList = 1D6058960D05DD3E006BFB54 /* Build configuration list for PBXNativeTarget "share_cpp-mobile" */;
			buildPhases = (
				1D60588D0D05DD3D006BFB54 /* Resources */,
				1D60588E0D05DD3D006BFB54 /* Sources */,
				1D60588F0D05DD3D006BFB54 /* Frameworks */,
			);
			buildRules = (
			);
			dependencies = (
			);
			name = share_cpp-mobile;
			productName = iphone;
			productReference = 1D6058910D05DD3D006BFB54 /* share_cpp-mobile.app */;
			productType = com.apple.product-type.application;
		};
/* End PBXNativeTarget section */

/* Begin PBXProject section */
		29B97313FDCFA39411CA2CEA /* Project Object */ = {
			isa = PBXProject;
			attributes = {
				LastUpgradeCheck = 0500;
			};
			buildConfigurationList = C01FCF4E08A954540054247B /* Build configuration list for PBXNativeTarget "TARGET_NAME" */;
			compatibilityVersion = "Xcode 3.2";
			developmentRegion = English;
			hasScannedForEncodings = 1;
			knownRegions = (
				English,
				Japanese,
				French,
				German,
			);
			mainGroup = 29B97314FDCFA39411CA2CEA /* CustomTemplate */;
			projectDirPath = "";
			projectRoot = "";
			targets = (
				1D6058900D05DD3D006BFB54 /* share_cpp-mobile */,
			);
		};
/* End PBXProject section */

/* Begin PBXResourcesBuildPhase section */
		1D60588D0D05DD3D006BFB54 /* Resources */ = {
			isa = PBXResourcesBuildPhase;
			buildActionMask = 2147483647;
			files = (
				5087E78117EB970100C73F5D /* Icon-120.png */,
				5087E78617EB970100C73F5D /* Icon-76.png */,
				5087E77F17EB970100C73F5D /* Default@2x.png */,
				50EF629917ECD46A001EB2F8 /* Icon-100.png */,
				5087E78317EB970100C73F5D /* Icon-152.png */,
				5087E77D17EB970100C73F5D /* Default-568h@2x.png */,
				5087E78517EB970100C73F5D /* Icon-72.png */,
				521A8E6519F0C34300D177D7 /* Default-736h@3x.png */,
				50EF62A317ECD613001EB2F8 /* Icon-50.png */,
				5087E78017EB970100C73F5D /* Icon-114.png */,
				50EF62A217ECD613001EB2F8 /* Icon-29.png */,
				50EF629617ECD46A001EB2F8 /* Icon-40.png */,
				5087E78217EB970100C73F5D /* Icon-144.png */,
				50EF629817ECD46A001EB2F8 /* Icon-80.png */,
				5087E78417EB970100C73F5D /* Icon-57.png */,
				5087E77E17EB970100C73F5D /* Default.png */,
				521A8E6419F0C34300D177D7 /* Default-667h@2x.png */,
				50EF629717ECD46A001EB2F8 /* Icon-58.png */,
				11E94508A2963B2E50541227 /* res */,
				86994A329FA36370EAB26814 /* TwitterKit.framework/Resources/TwitterKitResources.bundle/ */,
				DEC646C1B0A7AC23E3E3E99C /* Localizable.strings */,
				AF16486EB8757220999AAAD2 /* sdkbox_config.json */,
			);
			runOnlyForDeploymentPostprocessing = 0;
		};
/* End PBXResourcesBuildPhase section */

/* Begin PBXSourcesBuildPhase section */
		1D60588E0D05DD3D006BFB54 /* Sources */ = {
			isa = PBXSourcesBuildPhase;
			buildActionMask = 2147483647;
			files = (
				46880B8819C43A87006E1F66 /* AppDelegate.cpp */,
				46880B8A19C43A87006E1F66 /* HelloWorldScene.cpp */,
				503AE10017EB989F00D1A890 /* AppController.mm */,
				503AE10217EB989F00D1A890 /* RootViewController.mm */,
				503AE10117EB989F00D1A890 /* main.m */,
			);
			runOnlyForDeploymentPostprocessing = 0;
		};
/* End PBXSourcesBuildPhase section */

/* Begin XCBuildConfiguration section */
		1D6058940D05DD3E006BFB54 /* Debug */ = {
			isa = XCBuildConfiguration;
			buildSettings = {
				ALWAYS_SEARCH_USER_PATHS = YES;
				CODE_SIGN_IDENTITY = "iPhone Developer";
				COMPRESS_PNG_FILES = NO;
				ENABLE_BITCODE = NO;
				FRAMEWORK_SEARCH_PATHS = "\"$(SRCROOT)\"";
				GCC_DYNAMIC_NO_PIC = NO;
				GCC_INLINES_ARE_PRIVATE_EXTERN = NO;
				GCC_PRECOMPILE_PREFIX_HEADER = YES;
				GCC_PREFIX_HEADER = ios/Prefix.pch;
				GCC_PREPROCESSOR_DEFINITIONS = (
					USE_FILE32API,
					CC_TARGET_OS_IPHONE,
					"COCOS2D_DEBUG=1",
					"CC_ENABLE_CHIPMUNK_INTEGRATION=1",
				);
				GCC_SYMBOLS_PRIVATE_EXTERN = NO;
				HEADER_SEARCH_PATHS = (
					"$(inherited)",
					"$(SRCROOT)/../../../sdkbox-cocos2d-x-binary/cocos/platform/ios",
					"$(SRCROOT)/../../../sdkbox-cocos2d-x-binary/cocos/platform/ios/Simulation",
				);
				INFOPLIST_FILE = ios/Info.plist;
				IPHONEOS_DEPLOYMENT_TARGET = 6.0;
				LIBRARY_SEARCH_PATHS = (
					"$(SRCROOT)/../../../sdkbox-cocos2d-x-binary/prebuilt/ios",
					"\"sdkbox.framework\"",
					"\"PluginShare.framework\"",
					"\"Fabric.framework\"",
					"\"TwitterCore.framework\"",
					"\"TwitterKit.framework\"",
					"\"PluginFacebook.framework\"",
					"\"FBSDKCoreKit.framework\"",
					"\"FBSDKLoginKit.framework\"",
					"\"FBSDKShareKit.framework\"",
				);
				OTHER_CFLAGS = -DSDKBOX_ENABLED;
				OTHER_LDFLAGS = (
					"$(_COCOS_LIB_IOS_BEGIN)",
					"$(_COCOS_LIB_IOS_END)",
					-ObjC,
				);
				SDKROOT = iphoneos;
				TARGETED_DEVICE_FAMILY = "1,2";
				USER_HEADER_SEARCH_PATHS = "$(_COCOS_HEADER_IOS_BEGIN) $(_COCOS_HEADER_IOS_END)";
				VALID_ARCHS = "arm64 armv7";
			};
			name = Debug;
		};
		1D6058950D05DD3E006BFB54 /* Release */ = {
			isa = XCBuildConfiguration;
			buildSettings = {
				ALWAYS_SEARCH_USER_PATHS = YES;
				CODE_SIGN_IDENTITY = "iPhone Developer";
				COMPRESS_PNG_FILES = NO;
				ENABLE_BITCODE = NO;
				FRAMEWORK_SEARCH_PATHS = "\"$(SRCROOT)\"";
				GCC_INLINES_ARE_PRIVATE_EXTERN = NO;
				GCC_PRECOMPILE_PREFIX_HEADER = YES;
				GCC_PREFIX_HEADER = ios/Prefix.pch;
				GCC_PREPROCESSOR_DEFINITIONS = (
					USE_FILE32API,
					CC_TARGET_OS_IPHONE,
					"CC_ENABLE_CHIPMUNK_INTEGRATION=1",
				);
				GCC_SYMBOLS_PRIVATE_EXTERN = NO;
				HEADER_SEARCH_PATHS = (
					"$(inherited)",
					"$(SRCROOT)/../../../sdkbox-cocos2d-x-binary/cocos/platform/ios",
					"$(SRCROOT)/../../../sdkbox-cocos2d-x-binary/cocos/platform/ios/Simulation",
				);
				INFOPLIST_FILE = ios/Info.plist;
				IPHONEOS_DEPLOYMENT_TARGET = 6.0;
				LIBRARY_SEARCH_PATHS = (
					"$(SRCROOT)/../../../sdkbox-cocos2d-x-binary/prebuilt/ios",
					"\"sdkbox.framework\"",
					"\"PluginShare.framework\"",
					"\"Fabric.framework\"",
					"\"TwitterCore.framework\"",
					"\"TwitterKit.framework\"",
					"\"PluginFacebook.framework\"",
					"\"FBSDKCoreKit.framework\"",
					"\"FBSDKLoginKit.framework\"",
					"\"FBSDKShareKit.framework\"",
				);
				OTHER_CFLAGS = -DSDKBOX_ENABLED;
				OTHER_LDFLAGS = (
					"$(_COCOS_LIB_IOS_BEGIN)",
					"$(_COCOS_LIB_IOS_END)",
					-ObjC,
				);
				SDKROOT = iphoneos;
				TARGETED_DEVICE_FAMILY = "1,2";
				USER_HEADER_SEARCH_PATHS = "$(_COCOS_HEADER_IOS_BEGIN) $(_COCOS_HEADER_IOS_END)";
				VALID_ARCHS = "arm64 armv7";
			};
			name = Release;
		};
		C01FCF4F08A954540054247B /* Debug */ = {
			isa = XCBuildConfiguration;
			buildSettings = {
				ARCHS = "$(ARCHS_STANDARD_32_BIT)";
				CLANG_CXX_LANGUAGE_STANDARD = "c++0x";
				CLANG_CXX_LIBRARY = "libc++";
				COPY_PHASE_STRIP = NO;
				GCC_OPTIMIZATION_LEVEL = 0;
				GCC_WARN_ABOUT_RETURN_TYPE = YES;
				GCC_WARN_UNUSED_VARIABLE = YES;
				HEADER_SEARCH_PATHS = (
					"$(SRCROOT)/../../../sdkbox-cocos2d-x-binary",
					"$(SRCROOT)/../../../sdkbox-cocos2d-x-binary/cocos",
					"$(SRCROOT)/../../../sdkbox-cocos2d-x-binary/cocos/base",
					"$(SRCROOT)/../../../sdkbox-cocos2d-x-binary/cocos/physics",
					"$(SRCROOT)/../../../sdkbox-cocos2d-x-binary/cocos/math",
					"$(SRCROOT)/../../../sdkbox-cocos2d-x-binary/cocos/2d",
					"$(SRCROOT)/../../../sdkbox-cocos2d-x-binary/cocos/ui",
					"$(SRCROOT)/../../../sdkbox-cocos2d-x-binary/cocos/network",
					"$(SRCROOT)/../../../sdkbox-cocos2d-x-binary/cocos/audio/include",
					"$(SRCROOT)/../../../sdkbox-cocos2d-x-binary/cocos/editor-support",
					"$(SRCROOT)/../../../sdkbox-cocos2d-x-binary/extensions",
					"$(SRCROOT)/../../../sdkbox-cocos2d-x-binary/external",
					"$(SRCROOT)/../../../sdkbox-cocos2d-x-binary/external/chipmunk/include/chipmunk",
				);
				IPHONEOS_DEPLOYMENT_TARGET = 6.0;
				MACOSX_DEPLOYMENT_TARGET = 10.7;
				ONLY_ACTIVE_ARCH = YES;
				PRODUCT_NAME = "$(TARGET_NAME)";
				SDKROOT = macosx;
			};
			name = Debug;
		};
		C01FCF5008A954540054247B /* Release */ = {
			isa = XCBuildConfiguration;
			buildSettings = {
				ARCHS = "$(ARCHS_STANDARD_32_BIT)";
				CLANG_CXX_LANGUAGE_STANDARD = "c++0x";
				CLANG_CXX_LIBRARY = "libc++";
				GCC_WARN_ABOUT_RETURN_TYPE = YES;
				GCC_WARN_UNUSED_VARIABLE = YES;
				HEADER_SEARCH_PATHS = (
					"$(SRCROOT)/../../../sdkbox-cocos2d-x-binary",
					"$(SRCROOT)/../../../sdkbox-cocos2d-x-binary/cocos",
					"$(SRCROOT)/../../../sdkbox-cocos2d-x-binary/cocos/base",
					"$(SRCROOT)/../../../sdkbox-cocos2d-x-binary/cocos/physics",
					"$(SRCROOT)/../../../sdkbox-cocos2d-x-binary/cocos/math",
					"$(SRCROOT)/../../../sdkbox-cocos2d-x-binary/cocos/2d",
					"$(SRCROOT)/../../../sdkbox-cocos2d-x-binary/cocos/ui",
					"$(SRCROOT)/../../../sdkbox-cocos2d-x-binary/cocos/network",
					"$(SRCROOT)/../../../sdkbox-cocos2d-x-binary/cocos/audio/include",
					"$(SRCROOT)/../../../sdkbox-cocos2d-x-binary/cocos/editor-support",
					"$(SRCROOT)/../../../sdkbox-cocos2d-x-binary/extensions",
					"$(SRCROOT)/../../../sdkbox-cocos2d-x-binary/external",
					"$(SRCROOT)/../../../sdkbox-cocos2d-x-binary/external/chipmunk/include/chipmunk",
				);
				IPHONEOS_DEPLOYMENT_TARGET = 6.0;
				MACOSX_DEPLOYMENT_TARGET = 10.7;
				OTHER_CFLAGS = "-DNS_BLOCK_ASSERTIONS=1";
				PRODUCT_NAME = "$(TARGET_NAME)";
				SDKROOT = macosx;
				VALIDATE_PRODUCT = YES;
			};
			name = Release;
		};
/* End XCBuildConfiguration section */

/* Begin XCConfigurationList section */
		1D6058960D05DD3E006BFB54 /* Build configuration list for PBXNativeTarget "share_cpp-mobile" */ = {
			isa = XCConfigurationList;
			buildConfigurations = (
				1D6058940D05DD3E006BFB54 /* Debug */,
				1D6058950D05DD3E006BFB54 /* Release */,
			);
			defaultConfigurationIsVisible = 0;
			defaultConfigurationName = Debug;
		};
		C01FCF4E08A954540054247B /* Build configuration list for PBXNativeTarget "TARGET_NAME" */ = {
			isa = XCConfigurationList;
			buildConfigurations = (
				C01FCF4F08A954540054247B /* Debug */,
				C01FCF5008A954540054247B /* Release */,
			);
			defaultConfigurationIsVisible = 0;
			defaultConfigurationName = Debug;
		};
/* End XCConfigurationList section */

/* Begin PBXVariantGroup section */
		0C984AB3AE93111154883970 /* Localizable.strings */ = {
			isa = PBXVariantGroup;
			children = (
				6BF841A39519CFE76D00B4DE /* ar */,
				A271438B89CC8C7B7B7DD808 /* bg */,
				1BB94BA59207D5F7169D4892 /* bn */,
				24C24CB4B5BCFEDC51065196 /* cs */,
				EBDA48C391B4B261D47C438B /* da */,
				0F47429BAC2FA1424D46B2E0 /* de */,
				0A384490916F91CD41A3BB41 /* el */,
				483A4938B3500ABBF57835CF /* en-gb */,
				225F43B5833081E5011F392C /* en */,
				4B17440991F25E04DE44C7D1 /* es */,
				722949B2A10AC6FDC6ED89FB /* fa */,
				1B0F4CAB87A0E140CCBBB14E /* fi */,
				D1EE4BE98DCFBA8F1AA875B5 /* fr */,
				A7704B67B0BE3DA76C28C5CD /* gu */,
				FFDA4E46BD8C5D90CA7D62D6 /* he */,
				A4294DF8A916C5EC2C5169EF /* hi */,
				984A4A5FB42AD28E830A7449 /* hr */,
				E52E412988434AD258DE830F /* hu */,
				FF164AD6900D9BF1C057DA28 /* id */,
				CEE6411DAB938618DFCA47E2 /* it */,
				96A84751AA33CCD0D1EBFFB2 /* ja */,
				EC7249DC83A6704EDAF9FBE0 /* kn */,
				A1BB4266BB883947472097F8 /* ko */,
				CF0B423893300CB07FFD3F60 /* mr */,
				53B84A85AF721E8AEE1A91AB /* ms */,
				C9B04EA699337B07F20B83C3 /* nb */,
				68694D84ADA330022FF88CFF /* nl */,
				C16245358557572609B9EA5C /* pl */,
				F33A4B648A576436B9F7CC99 /* pt */,
				DE134B0083E392EB16E1A8C3 /* ro */,
				9F4643208A217D42C88CEC12 /* ru */,
				10CF47B694092E1F77A5B076 /* sk */,
				D9164EBE8A44A889E8B652A3 /* sr */,
				2E01418BB0920896CC11C601 /* sv */,
				013942F0A82B9199A38B7C3E /* ta */,
				2A704F9CBB53E79BD8ACD4DF /* th */,
				CFDA4805A43F5A8CD0999FDC /* tl */,
				826D4D68864BE8F73A7CC10E /* tr */,
				E0FC448592BFBB0B27702960 /* uk */,
				7059460CB8DCFCB541147FA7 /* ur */,
				F38944CBBD45DFF0CA8CC3E6 /* vi */,
				C1694D0183CF0B820B544264 /* zh-Hans */,
				33324E3595C202E8A9916825 /* zh-Hant */,
			);
			name = Localizable.strings;
			sourceTree = "<group>";
		};
/* End PBXVariantGroup section */
	};
	rootObject = 29B97313FDCFA39411CA2CEA /* Project Object */;
}